// !$*UTF8*$!
{
	archiveVersion = 1;
	classes = {
	};
	objectVersion = 50;
	objects = {

/* Begin PBXBuildFile section */
		AA1BB1BB223C2AEE009FB2DB /* FloatEx.swift in Sources */ = {isa = PBXBuildFile; fileRef = AA1BB1BA223C2AEE009FB2DB /* FloatEx.swift */; };
		AA1BB1BD223C2C3D009FB2DB /* UIColorEx.swift in Sources */ = {isa = PBXBuildFile; fileRef = AA1BB1BC223C2C3D009FB2DB /* UIColorEx.swift */; };
		AA42A6AD21F4EE0000F9BC57 /* AppDelegate.swift in Sources */ = {isa = PBXBuildFile; fileRef = AA42A6AC21F4EE0000F9BC57 /* AppDelegate.swift */; };
		AA42A6AF21F4EE0000F9BC57 /* SelectTemplateViewController.swift in Sources */ = {isa = PBXBuildFile; fileRef = AA42A6AE21F4EE0000F9BC57 /* SelectTemplateViewController.swift */; };
		AA42A6B221F4EE0000F9BC57 /* Main.storyboard in Resources */ = {isa = PBXBuildFile; fileRef = AA42A6B021F4EE0000F9BC57 /* Main.storyboard */; };
		AA42A6B521F4EE0000F9BC57 /* Framer.xcdatamodeld in Sources */ = {isa = PBXBuildFile; fileRef = AA42A6B321F4EE0000F9BC57 /* Framer.xcdatamodeld */; };
		AA42A6B721F4EE0200F9BC57 /* Assets.xcassets in Resources */ = {isa = PBXBuildFile; fileRef = AA42A6B621F4EE0200F9BC57 /* Assets.xcassets */; };
		AA42A6BA21F4EE0200F9BC57 /* LaunchScreen.storyboard in Resources */ = {isa = PBXBuildFile; fileRef = AA42A6B821F4EE0200F9BC57 /* LaunchScreen.storyboard */; };
		AA42A6C521F4EE0200F9BC57 /* FramerTests.swift in Sources */ = {isa = PBXBuildFile; fileRef = AA42A6C421F4EE0200F9BC57 /* FramerTests.swift */; };
		AA42A6D021F4EE0200F9BC57 /* FramerUITests.swift in Sources */ = {isa = PBXBuildFile; fileRef = AA42A6CF21F4EE0200F9BC57 /* FramerUITests.swift */; };
		AA42A6E421F4F03500F9BC57 /* SelectTemplate.storyboard in Resources */ = {isa = PBXBuildFile; fileRef = AA42A6E321F4F03500F9BC57 /* SelectTemplate.storyboard */; };
		AA42A6E821F4F08600F9BC57 /* Home.storyboard in Resources */ = {isa = PBXBuildFile; fileRef = AA42A6E721F4F08600F9BC57 /* Home.storyboard */; };
		AA42A6EA21F4F0B800F9BC57 /* SelectText.storyboard in Resources */ = {isa = PBXBuildFile; fileRef = AA42A6E921F4F0B800F9BC57 /* SelectText.storyboard */; };
		AA42A6EC21F4F15E00F9BC57 /* SelectDeviceViewController.swift in Sources */ = {isa = PBXBuildFile; fileRef = AA42A6EB21F4F15E00F9BC57 /* SelectDeviceViewController.swift */; };
		AA42A6EE21F4F18500F9BC57 /* SelectBackgroundViewController.swift in Sources */ = {isa = PBXBuildFile; fileRef = AA42A6ED21F4F18500F9BC57 /* SelectBackgroundViewController.swift */; };
		AA42A6F021F4F19700F9BC57 /* SelectTextViewController.swift in Sources */ = {isa = PBXBuildFile; fileRef = AA42A6EF21F4F19700F9BC57 /* SelectTextViewController.swift */; };
		AA42A6F221F4F1D600F9BC57 /* SelectImage.storyboard in Resources */ = {isa = PBXBuildFile; fileRef = AA42A6F121F4F1D600F9BC57 /* SelectImage.storyboard */; };
		AA42A6F421F4F1F200F9BC57 /* SelectImageViewController.swift in Sources */ = {isa = PBXBuildFile; fileRef = AA42A6F321F4F1F200F9BC57 /* SelectImageViewController.swift */; };
		AABA69CD220709BC00211EC3 /* UIImageEx.swift in Sources */ = {isa = PBXBuildFile; fileRef = AABA69CC220709BC00211EC3 /* UIImageEx.swift */; };
		AABA69CF220747A500211EC3 /* DeviceModel.swift in Sources */ = {isa = PBXBuildFile; fileRef = AABA69CE220747A500211EC3 /* DeviceModel.swift */; };
		AAC81CC421FB017A00F2B576 /* Colors.swift in Sources */ = {isa = PBXBuildFile; fileRef = AAC81CC321FB017A00F2B576 /* Colors.swift */; };
		AAC81CCA21FB049200F2B576 /* UIViewControllerEx.swift in Sources */ = {isa = PBXBuildFile; fileRef = AAC81CC921FB049200F2B576 /* UIViewControllerEx.swift */; };
		AAC81CCC21FB04B400F2B576 /* StringEx.swift in Sources */ = {isa = PBXBuildFile; fileRef = AAC81CCB21FB04B400F2B576 /* StringEx.swift */; };
		AAC81CCE21FB04D600F2B576 /* Localizable.strings in Resources */ = {isa = PBXBuildFile; fileRef = AAC81CCD21FB04D600F2B576 /* Localizable.strings */; };
		AAC81CD021FB050500F2B576 /* Buttons.swift in Sources */ = {isa = PBXBuildFile; fileRef = AAC81CCF21FB050500F2B576 /* Buttons.swift */; };
		AAC81CD221FB055600F2B576 /* Constants.swift in Sources */ = {isa = PBXBuildFile; fileRef = AAC81CD121FB055600F2B576 /* Constants.swift */; };
		AAC81CD421FB0DCD00F2B576 /* CustomNavController.swift in Sources */ = {isa = PBXBuildFile; fileRef = AAC81CD321FB0DCD00F2B576 /* CustomNavController.swift */; };
		AAC81CD621FB31D300F2B576 /* UIViewEx.swift in Sources */ = {isa = PBXBuildFile; fileRef = AAC81CD521FB31D300F2B576 /* UIViewEx.swift */; };
		AAC81CD821FB3C7000F2B576 /* RoundedView.swift in Sources */ = {isa = PBXBuildFile; fileRef = AAC81CD721FB3C7000F2B576 /* RoundedView.swift */; };
		AAC81CDA21FB411D00F2B576 /* GeneralButton.swift in Sources */ = {isa = PBXBuildFile; fileRef = AAC81CD921FB411D00F2B576 /* GeneralButton.swift */; };
		AAC81CDC21FB414600F2B576 /* Enums.swift in Sources */ = {isa = PBXBuildFile; fileRef = AAC81CDB21FB414600F2B576 /* Enums.swift */; };
		AAC81CDE21FB41CA00F2B576 /* Fonts.swift in Sources */ = {isa = PBXBuildFile; fileRef = AAC81CDD21FB41CA00F2B576 /* Fonts.swift */; };
		AAC81CE021FB4C0B00F2B576 /* UILabelEx.swift in Sources */ = {isa = PBXBuildFile; fileRef = AAC81CDF21FB4C0B00F2B576 /* UILabelEx.swift */; };
		AAC81CF721FC5D6900F2B576 /* AppStoreViewModel.swift in Sources */ = {isa = PBXBuildFile; fileRef = AAC81CF621FC5D6900F2B576 /* AppStoreViewModel.swift */; };
		AAC81CFB21FC616600F2B576 /* ScreenshotHelper.swift in Sources */ = {isa = PBXBuildFile; fileRef = AAC81CFA21FC616600F2B576 /* ScreenshotHelper.swift */; };
		AAC81CFD21FC61AE00F2B576 /* SelectDeviceModel.swift in Sources */ = {isa = PBXBuildFile; fileRef = AAC81CFC21FC61AE00F2B576 /* SelectDeviceModel.swift */; };
		AAC81D2821FCB01800F2B576 /* thirdGeniPad129FullView.xib in Resources */ = {isa = PBXBuildFile; fileRef = AAC81D1D21FCB01800F2B576 /* thirdGeniPad129FullView.xib */; };
		AAC81D2921FCB01800F2B576 /* thirdGeniPad129FullView.swift in Sources */ = {isa = PBXBuildFile; fileRef = AAC81D1E21FCB01800F2B576 /* thirdGeniPad129FullView.swift */; };
		AAC81D2A21FCB01800F2B576 /* iPhone55FullView.swift in Sources */ = {isa = PBXBuildFile; fileRef = AAC81D2021FCB01800F2B576 /* iPhone55FullView.swift */; };
		AAC81D2B21FCB01800F2B576 /* iPhone55FullView.xib in Resources */ = {isa = PBXBuildFile; fileRef = AAC81D2121FCB01800F2B576 /* iPhone55FullView.xib */; };
		AAC81D2C21FCB01800F2B576 /* secondGeniPad129FullView.swift in Sources */ = {isa = PBXBuildFile; fileRef = AAC81D2321FCB01800F2B576 /* secondGeniPad129FullView.swift */; };
		AAC81D2D21FCB01800F2B576 /* secondGeniPad129FullView.xib in Resources */ = {isa = PBXBuildFile; fileRef = AAC81D2421FCB01800F2B576 /* secondGeniPad129FullView.xib */; };
		AAC81D2E21FCB01800F2B576 /* iPhone65FullView.swift in Sources */ = {isa = PBXBuildFile; fileRef = AAC81D2621FCB01800F2B576 /* iPhone65FullView.swift */; };
		AAC81D2F21FCB01800F2B576 /* iPhone65FullView.xib in Resources */ = {isa = PBXBuildFile; fileRef = AAC81D2721FCB01800F2B576 /* iPhone65FullView.xib */; };
		AAC81D3C21FCB04A00F2B576 /* secondGeniPad129Screenshot.swift in Sources */ = {isa = PBXBuildFile; fileRef = AAC81D3121FCB04900F2B576 /* secondGeniPad129Screenshot.swift */; };
		AAC81D3D21FCB04A00F2B576 /* secondGeniPad129Screenshot.xib in Resources */ = {isa = PBXBuildFile; fileRef = AAC81D3221FCB04900F2B576 /* secondGeniPad129Screenshot.xib */; };
		AAC81D3E21FCB04A00F2B576 /* thirdGeniPad129Screenshot.xib in Resources */ = {isa = PBXBuildFile; fileRef = AAC81D3421FCB04A00F2B576 /* thirdGeniPad129Screenshot.xib */; };
		AAC81D3F21FCB04A00F2B576 /* thirdGeniPad129Screenshot.swift in Sources */ = {isa = PBXBuildFile; fileRef = AAC81D3521FCB04A00F2B576 /* thirdGeniPad129Screenshot.swift */; };
		AAC81D4021FCB04A00F2B576 /* iPhone55Screenshot.swift in Sources */ = {isa = PBXBuildFile; fileRef = AAC81D3721FCB04A00F2B576 /* iPhone55Screenshot.swift */; };
		AAC81D4121FCB04A00F2B576 /* iPhone55Screenshot.xib in Resources */ = {isa = PBXBuildFile; fileRef = AAC81D3821FCB04A00F2B576 /* iPhone55Screenshot.xib */; };
		AAC81D4221FCB04A00F2B576 /* iPhone65Screenshot.swift in Sources */ = {isa = PBXBuildFile; fileRef = AAC81D3A21FCB04A00F2B576 /* iPhone65Screenshot.swift */; };
		AAC81D4321FCB04A00F2B576 /* iPhone65Screenshot.xib in Resources */ = {isa = PBXBuildFile; fileRef = AAC81D3B21FCB04A00F2B576 /* iPhone65Screenshot.xib */; };
		AAC81D7821FCB30700F2B576 /* thirdGeniPad129CaptionBelow.xib in Resources */ = {isa = PBXBuildFile; fileRef = AAC81D4621FCB30700F2B576 /* thirdGeniPad129CaptionBelow.xib */; };
		AAC81D7921FCB30700F2B576 /* thirdGeniPad129CaptionBelow.swift in Sources */ = {isa = PBXBuildFile; fileRef = AAC81D4721FCB30700F2B576 /* thirdGeniPad129CaptionBelow.swift */; };
		AAC81D7A21FCB30700F2B576 /* iPhone55CaptionBelow.swift in Sources */ = {isa = PBXBuildFile; fileRef = AAC81D4921FCB30700F2B576 /* iPhone55CaptionBelow.swift */; };
		AAC81D7B21FCB30700F2B576 /* iPhone55CaptionBelow.xib in Resources */ = {isa = PBXBuildFile; fileRef = AAC81D4A21FCB30700F2B576 /* iPhone55CaptionBelow.xib */; };
		AAC81D7C21FCB30700F2B576 /* secondGeniPad129CaptionBelow.swift in Sources */ = {isa = PBXBuildFile; fileRef = AAC81D4C21FCB30700F2B576 /* secondGeniPad129CaptionBelow.swift */; };
		AAC81D7D21FCB30700F2B576 /* secondGeniPad129CaptionBelow.xib in Resources */ = {isa = PBXBuildFile; fileRef = AAC81D4D21FCB30700F2B576 /* secondGeniPad129CaptionBelow.xib */; };
		AAC81D7E21FCB30700F2B576 /* iPhone65CaptionBelow.swift in Sources */ = {isa = PBXBuildFile; fileRef = AAC81D4F21FCB30700F2B576 /* iPhone65CaptionBelow.swift */; };
		AAC81D7F21FCB30700F2B576 /* iPhone65CaptionBelow.xib in Resources */ = {isa = PBXBuildFile; fileRef = AAC81D5021FCB30700F2B576 /* iPhone65CaptionBelow.xib */; };
		AAC81D9021FCB30700F2B576 /* thirdGeniPad129CaptionAbove.xib in Resources */ = {isa = PBXBuildFile; fileRef = AAC81D6D21FCB30700F2B576 /* thirdGeniPad129CaptionAbove.xib */; };
		AAC81D9121FCB30700F2B576 /* thirdGeniPad129CaptionAbove.swift in Sources */ = {isa = PBXBuildFile; fileRef = AAC81D6E21FCB30700F2B576 /* thirdGeniPad129CaptionAbove.swift */; };
		AAC81D9221FCB30700F2B576 /* iPhone55CaptionAbove.swift in Sources */ = {isa = PBXBuildFile; fileRef = AAC81D7021FCB30700F2B576 /* iPhone55CaptionAbove.swift */; };
		AAC81D9321FCB30700F2B576 /* iPhone55CaptionAbove.xib in Resources */ = {isa = PBXBuildFile; fileRef = AAC81D7121FCB30700F2B576 /* iPhone55CaptionAbove.xib */; };
		AAC81D9421FCB30700F2B576 /* secondGeniPad129CaptionAbove.swift in Sources */ = {isa = PBXBuildFile; fileRef = AAC81D7321FCB30700F2B576 /* secondGeniPad129CaptionAbove.swift */; };
		AAC81D9521FCB30700F2B576 /* secondGeniPad129CaptionAbove.xib in Resources */ = {isa = PBXBuildFile; fileRef = AAC81D7421FCB30700F2B576 /* secondGeniPad129CaptionAbove.xib */; };
		AAC81D9621FCB30700F2B576 /* iPhone65CaptionAbove.swift in Sources */ = {isa = PBXBuildFile; fileRef = AAC81D7621FCB30700F2B576 /* iPhone65CaptionAbove.swift */; };
		AAC81D9721FCB30700F2B576 /* iPhone65CaptionAbove.xib in Resources */ = {isa = PBXBuildFile; fileRef = AAC81D7721FCB30700F2B576 /* iPhone65CaptionAbove.xib */; };
		AAC81D9A21FCB8ED00F2B576 /* SelectTemplateCell.swift in Sources */ = {isa = PBXBuildFile; fileRef = AAC81D9821FCB8ED00F2B576 /* SelectTemplateCell.swift */; };
		AAC81D9B21FCB8ED00F2B576 /* SelectTemplateCell.xib in Resources */ = {isa = PBXBuildFile; fileRef = AAC81D9921FCB8ED00F2B576 /* SelectTemplateCell.xib */; };
		AAC81D9D21FCB9DE00F2B576 /* SelectTemplateHelper.swift in Sources */ = {isa = PBXBuildFile; fileRef = AAC81D9C21FCB9DE00F2B576 /* SelectTemplateHelper.swift */; };
		AAC81D9F21FCBA1200F2B576 /* SelectTemplateModel.swift in Sources */ = {isa = PBXBuildFile; fileRef = AAC81D9E21FCBA1200F2B576 /* SelectTemplateModel.swift */; };
		AACB8807220DE0AE004B2960 /* AppStoreView.swift in Sources */ = {isa = PBXBuildFile; fileRef = AACB8806220DE0AE004B2960 /* AppStoreView.swift */; };
		AACB8809220DE0BE004B2960 /* AppStoreView.xib in Resources */ = {isa = PBXBuildFile; fileRef = AACB8808220DE0BE004B2960 /* AppStoreView.xib */; };
		AACB880B220DE55E004B2960 /* TopTextView.swift in Sources */ = {isa = PBXBuildFile; fileRef = AACB880A220DE55E004B2960 /* TopTextView.swift */; };
		AACB880D220DE56A004B2960 /* TopTextView.xib in Resources */ = {isa = PBXBuildFile; fileRef = AACB880C220DE56A004B2960 /* TopTextView.xib */; };
		AACB880F220DE595004B2960 /* BottomTextView.swift in Sources */ = {isa = PBXBuildFile; fileRef = AACB880E220DE595004B2960 /* BottomTextView.swift */; };
		AACB8811220DE5A1004B2960 /* BottomTextView.xib in Resources */ = {isa = PBXBuildFile; fileRef = AACB8810220DE5A1004B2960 /* BottomTextView.xib */; };
		AAD5D30F21F8FD48008C88B1 /* SelectDeviceCell.swift in Sources */ = {isa = PBXBuildFile; fileRef = AAD5D30D21F8FD48008C88B1 /* SelectDeviceCell.swift */; };
		AAD5D31021F8FD48008C88B1 /* SelectDeviceCell.xib in Resources */ = {isa = PBXBuildFile; fileRef = AAD5D30E21F8FD48008C88B1 /* SelectDeviceCell.xib */; };
		AAD5D31221F9002F008C88B1 /* SelectDeviceHelper.swift in Sources */ = {isa = PBXBuildFile; fileRef = AAD5D31121F9002F008C88B1 /* SelectDeviceHelper.swift */; };
		AAD5D31621FA427E008C88B1 /* HomeViewController.swift in Sources */ = {isa = PBXBuildFile; fileRef = AAD5D31521FA427E008C88B1 /* HomeViewController.swift */; };
		AAD5D31821FA436E008C88B1 /* SelectBackground.storyboard in Resources */ = {isa = PBXBuildFile; fileRef = AAD5D31721FA436E008C88B1 /* SelectBackground.storyboard */; };
		AAD5D31A21FA43FC008C88B1 /* UIStoryboardEx.swift in Sources */ = {isa = PBXBuildFile; fileRef = AAD5D31921FA43FC008C88B1 /* UIStoryboardEx.swift */; };
		AAD8666C21FCEB310069492A /* SelectDeviceColorViewController.swift in Sources */ = {isa = PBXBuildFile; fileRef = AAD8666B21FCEB310069492A /* SelectDeviceColorViewController.swift */; };
		AAD8666E21FCEB3F0069492A /* SelectDeviceColor.storyboard in Resources */ = {isa = PBXBuildFile; fileRef = AAD8666D21FCEB3F0069492A /* SelectDeviceColor.storyboard */; };
/* End PBXBuildFile section */

/* Begin PBXContainerItemProxy section */
		AA42A6C121F4EE0200F9BC57 /* PBXContainerItemProxy */ = {
			isa = PBXContainerItemProxy;
			containerPortal = AA42A6A121F4EE0000F9BC57 /* Project object */;
			proxyType = 1;
			remoteGlobalIDString = AA42A6A821F4EE0000F9BC57;
			remoteInfo = Framer;
		};
		AA42A6CC21F4EE0200F9BC57 /* PBXContainerItemProxy */ = {
			isa = PBXContainerItemProxy;
			containerPortal = AA42A6A121F4EE0000F9BC57 /* Project object */;
			proxyType = 1;
			remoteGlobalIDString = AA42A6A821F4EE0000F9BC57;
			remoteInfo = Framer;
		};
/* End PBXContainerItemProxy section */

/* Begin PBXFileReference section */
		AA1BB1BA223C2AEE009FB2DB /* FloatEx.swift */ = {isa = PBXFileReference; lastKnownFileType = sourcecode.swift; path = FloatEx.swift; sourceTree = "<group>"; };
		AA1BB1BC223C2C3D009FB2DB /* UIColorEx.swift */ = {isa = PBXFileReference; lastKnownFileType = sourcecode.swift; path = UIColorEx.swift; sourceTree = "<group>"; };
		AA42A6A921F4EE0000F9BC57 /* Framer.app */ = {isa = PBXFileReference; explicitFileType = wrapper.application; includeInIndex = 0; path = Framer.app; sourceTree = BUILT_PRODUCTS_DIR; };
		AA42A6AC21F4EE0000F9BC57 /* AppDelegate.swift */ = {isa = PBXFileReference; lastKnownFileType = sourcecode.swift; path = AppDelegate.swift; sourceTree = "<group>"; };
		AA42A6AE21F4EE0000F9BC57 /* SelectTemplateViewController.swift */ = {isa = PBXFileReference; lastKnownFileType = sourcecode.swift; path = SelectTemplateViewController.swift; sourceTree = "<group>"; };
		AA42A6B121F4EE0000F9BC57 /* Base */ = {isa = PBXFileReference; lastKnownFileType = file.storyboard; name = Base; path = Base.lproj/Main.storyboard; sourceTree = "<group>"; };
		AA42A6B421F4EE0000F9BC57 /* Framer.xcdatamodel */ = {isa = PBXFileReference; lastKnownFileType = wrapper.xcdatamodel; path = Framer.xcdatamodel; sourceTree = "<group>"; };
		AA42A6B621F4EE0200F9BC57 /* Assets.xcassets */ = {isa = PBXFileReference; lastKnownFileType = folder.assetcatalog; path = Assets.xcassets; sourceTree = "<group>"; };
		AA42A6B921F4EE0200F9BC57 /* Base */ = {isa = PBXFileReference; lastKnownFileType = file.storyboard; name = Base; path = Base.lproj/LaunchScreen.storyboard; sourceTree = "<group>"; };
		AA42A6BB21F4EE0200F9BC57 /* Info.plist */ = {isa = PBXFileReference; lastKnownFileType = text.plist.xml; path = Info.plist; sourceTree = "<group>"; };
		AA42A6C021F4EE0200F9BC57 /* FramerTests.xctest */ = {isa = PBXFileReference; explicitFileType = wrapper.cfbundle; includeInIndex = 0; path = FramerTests.xctest; sourceTree = BUILT_PRODUCTS_DIR; };
		AA42A6C421F4EE0200F9BC57 /* FramerTests.swift */ = {isa = PBXFileReference; lastKnownFileType = sourcecode.swift; path = FramerTests.swift; sourceTree = "<group>"; };
		AA42A6C621F4EE0200F9BC57 /* Info.plist */ = {isa = PBXFileReference; lastKnownFileType = text.plist.xml; path = Info.plist; sourceTree = "<group>"; };
		AA42A6CB21F4EE0200F9BC57 /* FramerUITests.xctest */ = {isa = PBXFileReference; explicitFileType = wrapper.cfbundle; includeInIndex = 0; path = FramerUITests.xctest; sourceTree = BUILT_PRODUCTS_DIR; };
		AA42A6CF21F4EE0200F9BC57 /* FramerUITests.swift */ = {isa = PBXFileReference; lastKnownFileType = sourcecode.swift; path = FramerUITests.swift; sourceTree = "<group>"; };
		AA42A6D121F4EE0200F9BC57 /* Info.plist */ = {isa = PBXFileReference; lastKnownFileType = text.plist.xml; path = Info.plist; sourceTree = "<group>"; };
		AA42A6E321F4F03500F9BC57 /* SelectTemplate.storyboard */ = {isa = PBXFileReference; lastKnownFileType = file.storyboard; path = SelectTemplate.storyboard; sourceTree = "<group>"; };
		AA42A6E721F4F08600F9BC57 /* Home.storyboard */ = {isa = PBXFileReference; lastKnownFileType = file.storyboard; path = Home.storyboard; sourceTree = "<group>"; };
		AA42A6E921F4F0B800F9BC57 /* SelectText.storyboard */ = {isa = PBXFileReference; lastKnownFileType = file.storyboard; path = SelectText.storyboard; sourceTree = "<group>"; };
		AA42A6EB21F4F15E00F9BC57 /* SelectDeviceViewController.swift */ = {isa = PBXFileReference; lastKnownFileType = sourcecode.swift; path = SelectDeviceViewController.swift; sourceTree = "<group>"; };
		AA42A6ED21F4F18500F9BC57 /* SelectBackgroundViewController.swift */ = {isa = PBXFileReference; lastKnownFileType = sourcecode.swift; path = SelectBackgroundViewController.swift; sourceTree = "<group>"; };
		AA42A6EF21F4F19700F9BC57 /* SelectTextViewController.swift */ = {isa = PBXFileReference; lastKnownFileType = sourcecode.swift; path = SelectTextViewController.swift; sourceTree = "<group>"; };
		AA42A6F121F4F1D600F9BC57 /* SelectImage.storyboard */ = {isa = PBXFileReference; lastKnownFileType = file.storyboard; path = SelectImage.storyboard; sourceTree = "<group>"; };
		AA42A6F321F4F1F200F9BC57 /* SelectImageViewController.swift */ = {isa = PBXFileReference; lastKnownFileType = sourcecode.swift; path = SelectImageViewController.swift; sourceTree = "<group>"; };
		AABA69CC220709BC00211EC3 /* UIImageEx.swift */ = {isa = PBXFileReference; lastKnownFileType = sourcecode.swift; path = UIImageEx.swift; sourceTree = "<group>"; };
		AABA69CE220747A500211EC3 /* DeviceModel.swift */ = {isa = PBXFileReference; lastKnownFileType = sourcecode.swift; path = DeviceModel.swift; sourceTree = "<group>"; };
		AAC81CC321FB017A00F2B576 /* Colors.swift */ = {isa = PBXFileReference; lastKnownFileType = sourcecode.swift; path = Colors.swift; sourceTree = "<group>"; };
		AAC81CC921FB049200F2B576 /* UIViewControllerEx.swift */ = {isa = PBXFileReference; lastKnownFileType = sourcecode.swift; path = UIViewControllerEx.swift; sourceTree = "<group>"; };
		AAC81CCB21FB04B400F2B576 /* StringEx.swift */ = {isa = PBXFileReference; lastKnownFileType = sourcecode.swift; path = StringEx.swift; sourceTree = "<group>"; };
		AAC81CCD21FB04D600F2B576 /* Localizable.strings */ = {isa = PBXFileReference; lastKnownFileType = text.plist.strings; path = Localizable.strings; sourceTree = "<group>"; };
		AAC81CCF21FB050500F2B576 /* Buttons.swift */ = {isa = PBXFileReference; lastKnownFileType = sourcecode.swift; path = Buttons.swift; sourceTree = "<group>"; };
		AAC81CD121FB055600F2B576 /* Constants.swift */ = {isa = PBXFileReference; lastKnownFileType = sourcecode.swift; path = Constants.swift; sourceTree = "<group>"; };
		AAC81CD321FB0DCD00F2B576 /* CustomNavController.swift */ = {isa = PBXFileReference; lastKnownFileType = sourcecode.swift; path = CustomNavController.swift; sourceTree = "<group>"; };
		AAC81CD521FB31D300F2B576 /* UIViewEx.swift */ = {isa = PBXFileReference; lastKnownFileType = sourcecode.swift; path = UIViewEx.swift; sourceTree = "<group>"; };
		AAC81CD721FB3C7000F2B576 /* RoundedView.swift */ = {isa = PBXFileReference; lastKnownFileType = sourcecode.swift; path = RoundedView.swift; sourceTree = "<group>"; };
		AAC81CD921FB411D00F2B576 /* GeneralButton.swift */ = {isa = PBXFileReference; lastKnownFileType = sourcecode.swift; path = GeneralButton.swift; sourceTree = "<group>"; };
		AAC81CDB21FB414600F2B576 /* Enums.swift */ = {isa = PBXFileReference; lastKnownFileType = sourcecode.swift; path = Enums.swift; sourceTree = "<group>"; };
		AAC81CDD21FB41CA00F2B576 /* Fonts.swift */ = {isa = PBXFileReference; lastKnownFileType = sourcecode.swift; path = Fonts.swift; sourceTree = "<group>"; };
		AAC81CDF21FB4C0B00F2B576 /* UILabelEx.swift */ = {isa = PBXFileReference; lastKnownFileType = sourcecode.swift; path = UILabelEx.swift; sourceTree = "<group>"; };
		AAC81CF621FC5D6900F2B576 /* AppStoreViewModel.swift */ = {isa = PBXFileReference; lastKnownFileType = sourcecode.swift; path = AppStoreViewModel.swift; sourceTree = "<group>"; };
		AAC81CFA21FC616600F2B576 /* ScreenshotHelper.swift */ = {isa = PBXFileReference; lastKnownFileType = sourcecode.swift; path = ScreenshotHelper.swift; sourceTree = "<group>"; };
		AAC81CFC21FC61AE00F2B576 /* SelectDeviceModel.swift */ = {isa = PBXFileReference; lastKnownFileType = sourcecode.swift; path = SelectDeviceModel.swift; sourceTree = "<group>"; };
		AAC81D1D21FCB01800F2B576 /* thirdGeniPad129FullView.xib */ = {isa = PBXFileReference; fileEncoding = 4; lastKnownFileType = file.xib; path = thirdGeniPad129FullView.xib; sourceTree = "<group>"; };
		AAC81D1E21FCB01800F2B576 /* thirdGeniPad129FullView.swift */ = {isa = PBXFileReference; fileEncoding = 4; lastKnownFileType = sourcecode.swift; path = thirdGeniPad129FullView.swift; sourceTree = "<group>"; };
		AAC81D2021FCB01800F2B576 /* iPhone55FullView.swift */ = {isa = PBXFileReference; fileEncoding = 4; lastKnownFileType = sourcecode.swift; path = iPhone55FullView.swift; sourceTree = "<group>"; };
		AAC81D2121FCB01800F2B576 /* iPhone55FullView.xib */ = {isa = PBXFileReference; fileEncoding = 4; lastKnownFileType = file.xib; path = iPhone55FullView.xib; sourceTree = "<group>"; };
		AAC81D2321FCB01800F2B576 /* secondGeniPad129FullView.swift */ = {isa = PBXFileReference; fileEncoding = 4; lastKnownFileType = sourcecode.swift; path = secondGeniPad129FullView.swift; sourceTree = "<group>"; };
		AAC81D2421FCB01800F2B576 /* secondGeniPad129FullView.xib */ = {isa = PBXFileReference; fileEncoding = 4; lastKnownFileType = file.xib; path = secondGeniPad129FullView.xib; sourceTree = "<group>"; };
		AAC81D2621FCB01800F2B576 /* iPhone65FullView.swift */ = {isa = PBXFileReference; fileEncoding = 4; lastKnownFileType = sourcecode.swift; path = iPhone65FullView.swift; sourceTree = "<group>"; };
		AAC81D2721FCB01800F2B576 /* iPhone65FullView.xib */ = {isa = PBXFileReference; fileEncoding = 4; lastKnownFileType = file.xib; path = iPhone65FullView.xib; sourceTree = "<group>"; };
		AAC81D3121FCB04900F2B576 /* secondGeniPad129Screenshot.swift */ = {isa = PBXFileReference; fileEncoding = 4; lastKnownFileType = sourcecode.swift; path = secondGeniPad129Screenshot.swift; sourceTree = "<group>"; };
		AAC81D3221FCB04900F2B576 /* secondGeniPad129Screenshot.xib */ = {isa = PBXFileReference; fileEncoding = 4; lastKnownFileType = file.xib; path = secondGeniPad129Screenshot.xib; sourceTree = "<group>"; };
		AAC81D3421FCB04A00F2B576 /* thirdGeniPad129Screenshot.xib */ = {isa = PBXFileReference; fileEncoding = 4; lastKnownFileType = file.xib; path = thirdGeniPad129Screenshot.xib; sourceTree = "<group>"; };
		AAC81D3521FCB04A00F2B576 /* thirdGeniPad129Screenshot.swift */ = {isa = PBXFileReference; fileEncoding = 4; lastKnownFileType = sourcecode.swift; path = thirdGeniPad129Screenshot.swift; sourceTree = "<group>"; };
		AAC81D3721FCB04A00F2B576 /* iPhone55Screenshot.swift */ = {isa = PBXFileReference; fileEncoding = 4; lastKnownFileType = sourcecode.swift; path = iPhone55Screenshot.swift; sourceTree = "<group>"; };
		AAC81D3821FCB04A00F2B576 /* iPhone55Screenshot.xib */ = {isa = PBXFileReference; fileEncoding = 4; lastKnownFileType = file.xib; path = iPhone55Screenshot.xib; sourceTree = "<group>"; };
		AAC81D3A21FCB04A00F2B576 /* iPhone65Screenshot.swift */ = {isa = PBXFileReference; fileEncoding = 4; lastKnownFileType = sourcecode.swift; path = iPhone65Screenshot.swift; sourceTree = "<group>"; };
		AAC81D3B21FCB04A00F2B576 /* iPhone65Screenshot.xib */ = {isa = PBXFileReference; fileEncoding = 4; lastKnownFileType = file.xib; path = iPhone65Screenshot.xib; sourceTree = "<group>"; };
		AAC81D4621FCB30700F2B576 /* thirdGeniPad129CaptionBelow.xib */ = {isa = PBXFileReference; fileEncoding = 4; lastKnownFileType = file.xib; path = thirdGeniPad129CaptionBelow.xib; sourceTree = "<group>"; };
		AAC81D4721FCB30700F2B576 /* thirdGeniPad129CaptionBelow.swift */ = {isa = PBXFileReference; fileEncoding = 4; lastKnownFileType = sourcecode.swift; path = thirdGeniPad129CaptionBelow.swift; sourceTree = "<group>"; };
		AAC81D4921FCB30700F2B576 /* iPhone55CaptionBelow.swift */ = {isa = PBXFileReference; fileEncoding = 4; lastKnownFileType = sourcecode.swift; path = iPhone55CaptionBelow.swift; sourceTree = "<group>"; };
		AAC81D4A21FCB30700F2B576 /* iPhone55CaptionBelow.xib */ = {isa = PBXFileReference; fileEncoding = 4; lastKnownFileType = file.xib; path = iPhone55CaptionBelow.xib; sourceTree = "<group>"; };
		AAC81D4C21FCB30700F2B576 /* secondGeniPad129CaptionBelow.swift */ = {isa = PBXFileReference; fileEncoding = 4; lastKnownFileType = sourcecode.swift; path = secondGeniPad129CaptionBelow.swift; sourceTree = "<group>"; };
		AAC81D4D21FCB30700F2B576 /* secondGeniPad129CaptionBelow.xib */ = {isa = PBXFileReference; fileEncoding = 4; lastKnownFileType = file.xib; path = secondGeniPad129CaptionBelow.xib; sourceTree = "<group>"; };
		AAC81D4F21FCB30700F2B576 /* iPhone65CaptionBelow.swift */ = {isa = PBXFileReference; fileEncoding = 4; lastKnownFileType = sourcecode.swift; path = iPhone65CaptionBelow.swift; sourceTree = "<group>"; };
		AAC81D5021FCB30700F2B576 /* iPhone65CaptionBelow.xib */ = {isa = PBXFileReference; fileEncoding = 4; lastKnownFileType = file.xib; path = iPhone65CaptionBelow.xib; sourceTree = "<group>"; };
		AAC81D6D21FCB30700F2B576 /* thirdGeniPad129CaptionAbove.xib */ = {isa = PBXFileReference; fileEncoding = 4; lastKnownFileType = file.xib; path = thirdGeniPad129CaptionAbove.xib; sourceTree = "<group>"; };
		AAC81D6E21FCB30700F2B576 /* thirdGeniPad129CaptionAbove.swift */ = {isa = PBXFileReference; fileEncoding = 4; lastKnownFileType = sourcecode.swift; path = thirdGeniPad129CaptionAbove.swift; sourceTree = "<group>"; };
		AAC81D7021FCB30700F2B576 /* iPhone55CaptionAbove.swift */ = {isa = PBXFileReference; fileEncoding = 4; lastKnownFileType = sourcecode.swift; path = iPhone55CaptionAbove.swift; sourceTree = "<group>"; };
		AAC81D7121FCB30700F2B576 /* iPhone55CaptionAbove.xib */ = {isa = PBXFileReference; fileEncoding = 4; lastKnownFileType = file.xib; path = iPhone55CaptionAbove.xib; sourceTree = "<group>"; };
		AAC81D7321FCB30700F2B576 /* secondGeniPad129CaptionAbove.swift */ = {isa = PBXFileReference; fileEncoding = 4; lastKnownFileType = sourcecode.swift; path = secondGeniPad129CaptionAbove.swift; sourceTree = "<group>"; };
		AAC81D7421FCB30700F2B576 /* secondGeniPad129CaptionAbove.xib */ = {isa = PBXFileReference; fileEncoding = 4; lastKnownFileType = file.xib; path = secondGeniPad129CaptionAbove.xib; sourceTree = "<group>"; };
		AAC81D7621FCB30700F2B576 /* iPhone65CaptionAbove.swift */ = {isa = PBXFileReference; fileEncoding = 4; lastKnownFileType = sourcecode.swift; path = iPhone65CaptionAbove.swift; sourceTree = "<group>"; };
		AAC81D7721FCB30700F2B576 /* iPhone65CaptionAbove.xib */ = {isa = PBXFileReference; fileEncoding = 4; lastKnownFileType = file.xib; path = iPhone65CaptionAbove.xib; sourceTree = "<group>"; };
		AAC81D9821FCB8ED00F2B576 /* SelectTemplateCell.swift */ = {isa = PBXFileReference; lastKnownFileType = sourcecode.swift; path = SelectTemplateCell.swift; sourceTree = "<group>"; };
		AAC81D9921FCB8ED00F2B576 /* SelectTemplateCell.xib */ = {isa = PBXFileReference; lastKnownFileType = file.xib; path = SelectTemplateCell.xib; sourceTree = "<group>"; };
		AAC81D9C21FCB9DE00F2B576 /* SelectTemplateHelper.swift */ = {isa = PBXFileReference; lastKnownFileType = sourcecode.swift; path = SelectTemplateHelper.swift; sourceTree = "<group>"; };
		AAC81D9E21FCBA1200F2B576 /* SelectTemplateModel.swift */ = {isa = PBXFileReference; lastKnownFileType = sourcecode.swift; path = SelectTemplateModel.swift; sourceTree = "<group>"; };
		AACB8806220DE0AE004B2960 /* AppStoreView.swift */ = {isa = PBXFileReference; lastKnownFileType = sourcecode.swift; path = AppStoreView.swift; sourceTree = "<group>"; };
		AACB8808220DE0BE004B2960 /* AppStoreView.xib */ = {isa = PBXFileReference; lastKnownFileType = file.xib; path = AppStoreView.xib; sourceTree = "<group>"; };
		AACB880A220DE55E004B2960 /* TopTextView.swift */ = {isa = PBXFileReference; lastKnownFileType = sourcecode.swift; path = TopTextView.swift; sourceTree = "<group>"; };
		AACB880C220DE56A004B2960 /* TopTextView.xib */ = {isa = PBXFileReference; lastKnownFileType = file.xib; path = TopTextView.xib; sourceTree = "<group>"; };
		AACB880E220DE595004B2960 /* BottomTextView.swift */ = {isa = PBXFileReference; lastKnownFileType = sourcecode.swift; path = BottomTextView.swift; sourceTree = "<group>"; };
		AACB8810220DE5A1004B2960 /* BottomTextView.xib */ = {isa = PBXFileReference; lastKnownFileType = file.xib; path = BottomTextView.xib; sourceTree = "<group>"; };
		AAD5D30D21F8FD48008C88B1 /* SelectDeviceCell.swift */ = {isa = PBXFileReference; lastKnownFileType = sourcecode.swift; path = SelectDeviceCell.swift; sourceTree = "<group>"; };
		AAD5D30E21F8FD48008C88B1 /* SelectDeviceCell.xib */ = {isa = PBXFileReference; lastKnownFileType = file.xib; path = SelectDeviceCell.xib; sourceTree = "<group>"; };
		AAD5D31121F9002F008C88B1 /* SelectDeviceHelper.swift */ = {isa = PBXFileReference; lastKnownFileType = sourcecode.swift; path = SelectDeviceHelper.swift; sourceTree = "<group>"; };
		AAD5D31521FA427E008C88B1 /* HomeViewController.swift */ = {isa = PBXFileReference; lastKnownFileType = sourcecode.swift; path = HomeViewController.swift; sourceTree = "<group>"; };
		AAD5D31721FA436E008C88B1 /* SelectBackground.storyboard */ = {isa = PBXFileReference; lastKnownFileType = file.storyboard; path = SelectBackground.storyboard; sourceTree = "<group>"; };
		AAD5D31921FA43FC008C88B1 /* UIStoryboardEx.swift */ = {isa = PBXFileReference; lastKnownFileType = sourcecode.swift; path = UIStoryboardEx.swift; sourceTree = "<group>"; };
		AAD8666B21FCEB310069492A /* SelectDeviceColorViewController.swift */ = {isa = PBXFileReference; lastKnownFileType = sourcecode.swift; path = SelectDeviceColorViewController.swift; sourceTree = "<group>"; };
		AAD8666D21FCEB3F0069492A /* SelectDeviceColor.storyboard */ = {isa = PBXFileReference; lastKnownFileType = file.storyboard; path = SelectDeviceColor.storyboard; sourceTree = "<group>"; };
/* End PBXFileReference section */

/* Begin PBXFrameworksBuildPhase section */
		AA42A6A621F4EE0000F9BC57 /* Frameworks */ = {
			isa = PBXFrameworksBuildPhase;
			buildActionMask = 2147483647;
			files = (
			);
			runOnlyForDeploymentPostprocessing = 0;
		};
		AA42A6BD21F4EE0200F9BC57 /* Frameworks */ = {
			isa = PBXFrameworksBuildPhase;
			buildActionMask = 2147483647;
			files = (
			);
			runOnlyForDeploymentPostprocessing = 0;
		};
		AA42A6C821F4EE0200F9BC57 /* Frameworks */ = {
			isa = PBXFrameworksBuildPhase;
			buildActionMask = 2147483647;
			files = (
			);
			runOnlyForDeploymentPostprocessing = 0;
		};
/* End PBXFrameworksBuildPhase section */

/* Begin PBXGroup section */
		AA42A6A021F4EE0000F9BC57 = {
			isa = PBXGroup;
			children = (
				AA42A6AB21F4EE0000F9BC57 /* Framer */,
				AA42A6C321F4EE0200F9BC57 /* FramerTests */,
				AA42A6CE21F4EE0200F9BC57 /* FramerUITests */,
				AA42A6AA21F4EE0000F9BC57 /* Products */,
			);
			sourceTree = "<group>";
		};
		AA42A6AA21F4EE0000F9BC57 /* Products */ = {
			isa = PBXGroup;
			children = (
				AA42A6A921F4EE0000F9BC57 /* Framer.app */,
				AA42A6C021F4EE0200F9BC57 /* FramerTests.xctest */,
				AA42A6CB21F4EE0200F9BC57 /* FramerUITests.xctest */,
			);
			name = Products;
			sourceTree = "<group>";
		};
		AA42A6AB21F4EE0000F9BC57 /* Framer */ = {
			isa = PBXGroup;
			children = (
				AA42A6AC21F4EE0000F9BC57 /* AppDelegate.swift */,
				AA42A6DF21F4EE1C00F9BC57 /* Model */,
				AA42A6DE21F4EE1700F9BC57 /* View */,
				AA42A6DD21F4EE1200F9BC57 /* Controller */,
				AA42A6E121F4EE2500F9BC57 /* Helpers */,
				AA42A6E021F4EE2100F9BC57 /* Extensions */,
				AA42A6E221F4EE3300F9BC57 /* Resources */,
			);
			path = Framer;
			sourceTree = "<group>";
		};
		AA42A6C321F4EE0200F9BC57 /* FramerTests */ = {
			isa = PBXGroup;
			children = (
				AA42A6C421F4EE0200F9BC57 /* FramerTests.swift */,
				AA42A6C621F4EE0200F9BC57 /* Info.plist */,
			);
			path = FramerTests;
			sourceTree = "<group>";
		};
		AA42A6CE21F4EE0200F9BC57 /* FramerUITests */ = {
			isa = PBXGroup;
			children = (
				AA42A6CF21F4EE0200F9BC57 /* FramerUITests.swift */,
				AA42A6D121F4EE0200F9BC57 /* Info.plist */,
			);
			path = FramerUITests;
			sourceTree = "<group>";
		};
		AA42A6DD21F4EE1200F9BC57 /* Controller */ = {
			isa = PBXGroup;
			children = (
				AAC81CE521FB52BA00F2B576 /* General */,
				AAC81CE121FB524E00F2B576 /* Setup */,
				AAC81CE321FB527C00F2B576 /* Home */,
				AAC81CE221FB525700F2B576 /* Specs */,
			);
			path = Controller;
			sourceTree = "<group>";
		};
		AA42A6DE21F4EE1700F9BC57 /* View */ = {
			isa = PBXGroup;
			children = (
				AAC81CD921FB411D00F2B576 /* GeneralButton.swift */,
				AAC81CD721FB3C7000F2B576 /* RoundedView.swift */,
				AAC81CFE21FC656D00F2B576 /* AppStoreView */,
				AAD5D30C21F8FD22008C88B1 /* DeviceViews */,
				AAD5D30B21F8FD1C008C88B1 /* Cells */,
				AA42A6B821F4EE0200F9BC57 /* LaunchScreen.storyboard */,
				AA42A6B021F4EE0000F9BC57 /* Main.storyboard */,
				AA42A6FA21F4F46E00F9BC57 /* Storyboards */,
			);
			path = View;
			sourceTree = "<group>";
		};
		AA42A6DF21F4EE1C00F9BC57 /* Model */ = {
			isa = PBXGroup;
			children = (
				AA42A6B321F4EE0000F9BC57 /* Framer.xcdatamodeld */,
				AAC81CFC21FC61AE00F2B576 /* SelectDeviceModel.swift */,
				AAC81D9E21FCBA1200F2B576 /* SelectTemplateModel.swift */,
				AABA69CE220747A500211EC3 /* DeviceModel.swift */,
				AAC81CF621FC5D6900F2B576 /* AppStoreViewModel.swift */,
			);
			path = Model;
			sourceTree = "<group>";
		};
		AA42A6E021F4EE2100F9BC57 /* Extensions */ = {
			isa = PBXGroup;
			children = (
				AAD5D31921FA43FC008C88B1 /* UIStoryboardEx.swift */,
				AAC81CC921FB049200F2B576 /* UIViewControllerEx.swift */,
				AAC81CCB21FB04B400F2B576 /* StringEx.swift */,
				AAC81CD521FB31D300F2B576 /* UIViewEx.swift */,
				AAC81CDF21FB4C0B00F2B576 /* UILabelEx.swift */,
				AABA69CC220709BC00211EC3 /* UIImageEx.swift */,
				AA1BB1BA223C2AEE009FB2DB /* FloatEx.swift */,
				AA1BB1BC223C2C3D009FB2DB /* UIColorEx.swift */,
			);
			path = Extensions;
			sourceTree = "<group>";
		};
		AA42A6E121F4EE2500F9BC57 /* Helpers */ = {
			isa = PBXGroup;
			children = (
				AAC81CC321FB017A00F2B576 /* Colors.swift */,
				AAC81CCF21FB050500F2B576 /* Buttons.swift */,
				AAC81CD121FB055600F2B576 /* Constants.swift */,
				AAC81CDB21FB414600F2B576 /* Enums.swift */,
				AAC81CDD21FB41CA00F2B576 /* Fonts.swift */,
				AAD5D31121F9002F008C88B1 /* SelectDeviceHelper.swift */,
				AAC81D9C21FCB9DE00F2B576 /* SelectTemplateHelper.swift */,
				AAC81CFA21FC616600F2B576 /* ScreenshotHelper.swift */,
			);
			path = Helpers;
			sourceTree = "<group>";
		};
		AA42A6E221F4EE3300F9BC57 /* Resources */ = {
			isa = PBXGroup;
			children = (
				AA42A6B621F4EE0200F9BC57 /* Assets.xcassets */,
				AA42A6BB21F4EE0200F9BC57 /* Info.plist */,
				AAC81CCD21FB04D600F2B576 /* Localizable.strings */,
			);
			path = Resources;
			sourceTree = "<group>";
		};
		AA42A6FA21F4F46E00F9BC57 /* Storyboards */ = {
			isa = PBXGroup;
			children = (
				AA42A6E321F4F03500F9BC57 /* SelectTemplate.storyboard */,
				AA42A6E721F4F08600F9BC57 /* Home.storyboard */,
				AA42A6E921F4F0B800F9BC57 /* SelectText.storyboard */,
				AA42A6F121F4F1D600F9BC57 /* SelectImage.storyboard */,
				AAD5D31721FA436E008C88B1 /* SelectBackground.storyboard */,
				AAD8666D21FCEB3F0069492A /* SelectDeviceColor.storyboard */,
			);
			path = Storyboards;
			sourceTree = "<group>";
		};
		AAC81CE121FB524E00F2B576 /* Setup */ = {
			isa = PBXGroup;
			children = (
				AA42A6EB21F4F15E00F9BC57 /* SelectDeviceViewController.swift */,
				AA42A6AE21F4EE0000F9BC57 /* SelectTemplateViewController.swift */,
			);
			path = Setup;
			sourceTree = "<group>";
		};
		AAC81CE221FB525700F2B576 /* Specs */ = {
			isa = PBXGroup;
			children = (
				AA42A6ED21F4F18500F9BC57 /* SelectBackgroundViewController.swift */,
				AA42A6F321F4F1F200F9BC57 /* SelectImageViewController.swift */,
				AA42A6EF21F4F19700F9BC57 /* SelectTextViewController.swift */,
				AAD8666B21FCEB310069492A /* SelectDeviceColorViewController.swift */,
			);
			path = Specs;
			sourceTree = "<group>";
		};
		AAC81CE321FB527C00F2B576 /* Home */ = {
			isa = PBXGroup;
			children = (
				AAD5D31521FA427E008C88B1 /* HomeViewController.swift */,
			);
			path = Home;
			sourceTree = "<group>";
		};
		AAC81CE521FB52BA00F2B576 /* General */ = {
			isa = PBXGroup;
			children = (
				AAC81CD321FB0DCD00F2B576 /* CustomNavController.swift */,
			);
			path = General;
			sourceTree = "<group>";
		};
		AAC81CFE21FC656D00F2B576 /* AppStoreView */ = {
			isa = PBXGroup;
			children = (
				AACB8806220DE0AE004B2960 /* AppStoreView.swift */,
				AACB8808220DE0BE004B2960 /* AppStoreView.xib */,
				AACB880A220DE55E004B2960 /* TopTextView.swift */,
				AACB880C220DE56A004B2960 /* TopTextView.xib */,
				AACB880E220DE595004B2960 /* BottomTextView.swift */,
				AACB8810220DE5A1004B2960 /* BottomTextView.xib */,
			);
			path = AppStoreView;
			sourceTree = "<group>";
		};
		AAC81D1C21FCB01800F2B576 /* iPad-12.9-inch-3rdGen */ = {
			isa = PBXGroup;
			children = (
				AAC81D1D21FCB01800F2B576 /* thirdGeniPad129FullView.xib */,
				AAC81D1E21FCB01800F2B576 /* thirdGeniPad129FullView.swift */,
				AAC81D4621FCB30700F2B576 /* thirdGeniPad129CaptionBelow.xib */,
				AAC81D4721FCB30700F2B576 /* thirdGeniPad129CaptionBelow.swift */,
				AAC81D6D21FCB30700F2B576 /* thirdGeniPad129CaptionAbove.xib */,
				AAC81D6E21FCB30700F2B576 /* thirdGeniPad129CaptionAbove.swift */,
				AAC81D3421FCB04A00F2B576 /* thirdGeniPad129Screenshot.xib */,
				AAC81D3521FCB04A00F2B576 /* thirdGeniPad129Screenshot.swift */,
			);
			path = "iPad-12.9-inch-3rdGen";
			sourceTree = "<group>";
		};
		AAC81D1F21FCB01800F2B576 /* iPhone-5.5-inch */ = {
			isa = PBXGroup;
			children = (
				AAC81D2021FCB01800F2B576 /* iPhone55FullView.swift */,
				AAC81D2121FCB01800F2B576 /* iPhone55FullView.xib */,
				AAC81D4921FCB30700F2B576 /* iPhone55CaptionBelow.swift */,
				AAC81D4A21FCB30700F2B576 /* iPhone55CaptionBelow.xib */,
				AAC81D7021FCB30700F2B576 /* iPhone55CaptionAbove.swift */,
				AAC81D7121FCB30700F2B576 /* iPhone55CaptionAbove.xib */,
				AAC81D3721FCB04A00F2B576 /* iPhone55Screenshot.swift */,
				AAC81D3821FCB04A00F2B576 /* iPhone55Screenshot.xib */,
			);
			path = "iPhone-5.5-inch";
			sourceTree = "<group>";
		};
		AAC81D2221FCB01800F2B576 /* iPad-12.9-inch-2ndGen */ = {
			isa = PBXGroup;
			children = (
				AAC81D2321FCB01800F2B576 /* secondGeniPad129FullView.swift */,
				AAC81D2421FCB01800F2B576 /* secondGeniPad129FullView.xib */,
				AAC81D4C21FCB30700F2B576 /* secondGeniPad129CaptionBelow.swift */,
				AAC81D4D21FCB30700F2B576 /* secondGeniPad129CaptionBelow.xib */,
				AAC81D7321FCB30700F2B576 /* secondGeniPad129CaptionAbove.swift */,
				AAC81D7421FCB30700F2B576 /* secondGeniPad129CaptionAbove.xib */,
				AAC81D3121FCB04900F2B576 /* secondGeniPad129Screenshot.swift */,
				AAC81D3221FCB04900F2B576 /* secondGeniPad129Screenshot.xib */,
			);
			path = "iPad-12.9-inch-2ndGen";
			sourceTree = "<group>";
		};
		AAC81D2521FCB01800F2B576 /* iPhone-6.5-inch */ = {
			isa = PBXGroup;
			children = (
				AAC81D2621FCB01800F2B576 /* iPhone65FullView.swift */,
				AAC81D2721FCB01800F2B576 /* iPhone65FullView.xib */,
				AAC81D4F21FCB30700F2B576 /* iPhone65CaptionBelow.swift */,
				AAC81D5021FCB30700F2B576 /* iPhone65CaptionBelow.xib */,
				AAC81D7621FCB30700F2B576 /* iPhone65CaptionAbove.swift */,
				AAC81D7721FCB30700F2B576 /* iPhone65CaptionAbove.xib */,
				AAC81D3A21FCB04A00F2B576 /* iPhone65Screenshot.swift */,
				AAC81D3B21FCB04A00F2B576 /* iPhone65Screenshot.xib */,
			);
			path = "iPhone-6.5-inch";
			sourceTree = "<group>";
		};
		AAD5D30B21F8FD1C008C88B1 /* Cells */ = {
			isa = PBXGroup;
			children = (
				AAD5D30D21F8FD48008C88B1 /* SelectDeviceCell.swift */,
				AAD5D30E21F8FD48008C88B1 /* SelectDeviceCell.xib */,
				AAC81D9821FCB8ED00F2B576 /* SelectTemplateCell.swift */,
				AAC81D9921FCB8ED00F2B576 /* SelectTemplateCell.xib */,
			);
			path = Cells;
			sourceTree = "<group>";
		};
		AAD5D30C21F8FD22008C88B1 /* DeviceViews */ = {
			isa = PBXGroup;
			children = (
				AAC81D1F21FCB01800F2B576 /* iPhone-5.5-inch */,
				AAC81D2521FCB01800F2B576 /* iPhone-6.5-inch */,
				AAC81D2221FCB01800F2B576 /* iPad-12.9-inch-2ndGen */,
				AAC81D1C21FCB01800F2B576 /* iPad-12.9-inch-3rdGen */,
			);
			path = DeviceViews;
			sourceTree = "<group>";
		};
/* End PBXGroup section */

/* Begin PBXNativeTarget section */
		AA42A6A821F4EE0000F9BC57 /* Framer */ = {
			isa = PBXNativeTarget;
			buildConfigurationList = AA42A6D421F4EE0200F9BC57 /* Build configuration list for PBXNativeTarget "Framer" */;
			buildPhases = (
				AA42A6A521F4EE0000F9BC57 /* Sources */,
				AA42A6A621F4EE0000F9BC57 /* Frameworks */,
				AA42A6A721F4EE0000F9BC57 /* Resources */,
			);
			buildRules = (
			);
			dependencies = (
			);
			name = Framer;
			productName = Framer;
			productReference = AA42A6A921F4EE0000F9BC57 /* Framer.app */;
			productType = "com.apple.product-type.application";
		};
		AA42A6BF21F4EE0200F9BC57 /* FramerTests */ = {
			isa = PBXNativeTarget;
			buildConfigurationList = AA42A6D721F4EE0200F9BC57 /* Build configuration list for PBXNativeTarget "FramerTests" */;
			buildPhases = (
				AA42A6BC21F4EE0200F9BC57 /* Sources */,
				AA42A6BD21F4EE0200F9BC57 /* Frameworks */,
				AA42A6BE21F4EE0200F9BC57 /* Resources */,
			);
			buildRules = (
			);
			dependencies = (
				AA42A6C221F4EE0200F9BC57 /* PBXTargetDependency */,
			);
			name = FramerTests;
			productName = FramerTests;
			productReference = AA42A6C021F4EE0200F9BC57 /* FramerTests.xctest */;
			productType = "com.apple.product-type.bundle.unit-test";
		};
		AA42A6CA21F4EE0200F9BC57 /* FramerUITests */ = {
			isa = PBXNativeTarget;
			buildConfigurationList = AA42A6DA21F4EE0200F9BC57 /* Build configuration list for PBXNativeTarget "FramerUITests" */;
			buildPhases = (
				AA42A6C721F4EE0200F9BC57 /* Sources */,
				AA42A6C821F4EE0200F9BC57 /* Frameworks */,
				AA42A6C921F4EE0200F9BC57 /* Resources */,
			);
			buildRules = (
			);
			dependencies = (
				AA42A6CD21F4EE0200F9BC57 /* PBXTargetDependency */,
			);
			name = FramerUITests;
			productName = FramerUITests;
			productReference = AA42A6CB21F4EE0200F9BC57 /* FramerUITests.xctest */;
			productType = "com.apple.product-type.bundle.ui-testing";
		};
/* End PBXNativeTarget section */

/* Begin PBXProject section */
		AA42A6A121F4EE0000F9BC57 /* Project object */ = {
			isa = PBXProject;
			attributes = {
				LastSwiftUpdateCheck = 1010;
				LastUpgradeCheck = 1010;
				ORGANIZATIONNAME = "Dide van Berkel";
				TargetAttributes = {
					AA42A6A821F4EE0000F9BC57 = {
						CreatedOnToolsVersion = 10.1;
					};
					AA42A6BF21F4EE0200F9BC57 = {
						CreatedOnToolsVersion = 10.1;
						TestTargetID = AA42A6A821F4EE0000F9BC57;
					};
					AA42A6CA21F4EE0200F9BC57 = {
						CreatedOnToolsVersion = 10.1;
						TestTargetID = AA42A6A821F4EE0000F9BC57;
					};
				};
			};
			buildConfigurationList = AA42A6A421F4EE0000F9BC57 /* Build configuration list for PBXProject "Framer" */;
			compatibilityVersion = "Xcode 9.3";
			developmentRegion = en;
			hasScannedForEncodings = 0;
			knownRegions = (
				en,
				Base,
			);
			mainGroup = AA42A6A021F4EE0000F9BC57;
			productRefGroup = AA42A6AA21F4EE0000F9BC57 /* Products */;
			projectDirPath = "";
			projectRoot = "";
			targets = (
				AA42A6A821F4EE0000F9BC57 /* Framer */,
				AA42A6BF21F4EE0200F9BC57 /* FramerTests */,
				AA42A6CA21F4EE0200F9BC57 /* FramerUITests */,
			);
		};
/* End PBXProject section */

/* Begin PBXResourcesBuildPhase section */
		AA42A6A721F4EE0000F9BC57 /* Resources */ = {
			isa = PBXResourcesBuildPhase;
			buildActionMask = 2147483647;
			files = (
				AA42A6F221F4F1D600F9BC57 /* SelectImage.storyboard in Resources */,
				AAC81D9521FCB30700F2B576 /* secondGeniPad129CaptionAbove.xib in Resources */,
				AAC81D7D21FCB30700F2B576 /* secondGeniPad129CaptionBelow.xib in Resources */,
				AAC81D9321FCB30700F2B576 /* iPhone55CaptionAbove.xib in Resources */,
				AAD5D31021F8FD48008C88B1 /* SelectDeviceCell.xib in Resources */,
				AAC81D4321FCB04A00F2B576 /* iPhone65Screenshot.xib in Resources */,
				AAC81D2F21FCB01800F2B576 /* iPhone65FullView.xib in Resources */,
				AAC81D2B21FCB01800F2B576 /* iPhone55FullView.xib in Resources */,
				AAC81D9021FCB30700F2B576 /* thirdGeniPad129CaptionAbove.xib in Resources */,
				AAC81CCE21FB04D600F2B576 /* Localizable.strings in Resources */,
				AAC81D4121FCB04A00F2B576 /* iPhone55Screenshot.xib in Resources */,
				AA42A6EA21F4F0B800F9BC57 /* SelectText.storyboard in Resources */,
				AAC81D9721FCB30700F2B576 /* iPhone65CaptionAbove.xib in Resources */,
				AACB8809220DE0BE004B2960 /* AppStoreView.xib in Resources */,
				AAC81D7B21FCB30700F2B576 /* iPhone55CaptionBelow.xib in Resources */,
				AAC81D9B21FCB8ED00F2B576 /* SelectTemplateCell.xib in Resources */,
				AA42A6BA21F4EE0200F9BC57 /* LaunchScreen.storyboard in Resources */,
				AA42A6B721F4EE0200F9BC57 /* Assets.xcassets in Resources */,
				AAC81D2821FCB01800F2B576 /* thirdGeniPad129FullView.xib in Resources */,
				AACB880D220DE56A004B2960 /* TopTextView.xib in Resources */,
				AAC81D2D21FCB01800F2B576 /* secondGeniPad129FullView.xib in Resources */,
				AAC81D7821FCB30700F2B576 /* thirdGeniPad129CaptionBelow.xib in Resources */,
				AAC81D3E21FCB04A00F2B576 /* thirdGeniPad129Screenshot.xib in Resources */,
				AAC81D3D21FCB04A00F2B576 /* secondGeniPad129Screenshot.xib in Resources */,
				AAD8666E21FCEB3F0069492A /* SelectDeviceColor.storyboard in Resources */,
				AA42A6E421F4F03500F9BC57 /* SelectTemplate.storyboard in Resources */,
				AACB8811220DE5A1004B2960 /* BottomTextView.xib in Resources */,
				AAC81D7F21FCB30700F2B576 /* iPhone65CaptionBelow.xib in Resources */,
				AA42A6B221F4EE0000F9BC57 /* Main.storyboard in Resources */,
				AA42A6E821F4F08600F9BC57 /* Home.storyboard in Resources */,
				AAD5D31821FA436E008C88B1 /* SelectBackground.storyboard in Resources */,
			);
			runOnlyForDeploymentPostprocessing = 0;
		};
		AA42A6BE21F4EE0200F9BC57 /* Resources */ = {
			isa = PBXResourcesBuildPhase;
			buildActionMask = 2147483647;
			files = (
			);
			runOnlyForDeploymentPostprocessing = 0;
		};
		AA42A6C921F4EE0200F9BC57 /* Resources */ = {
			isa = PBXResourcesBuildPhase;
			buildActionMask = 2147483647;
			files = (
			);
			runOnlyForDeploymentPostprocessing = 0;
		};
/* End PBXResourcesBuildPhase section */

/* Begin PBXSourcesBuildPhase section */
		AA42A6A521F4EE0000F9BC57 /* Sources */ = {
			isa = PBXSourcesBuildPhase;
			buildActionMask = 2147483647;
			files = (
				AAC81CD421FB0DCD00F2B576 /* CustomNavController.swift in Sources */,
				AABA69CD220709BC00211EC3 /* UIImageEx.swift in Sources */,
				AAC81D2C21FCB01800F2B576 /* secondGeniPad129FullView.swift in Sources */,
				AAC81CFB21FC616600F2B576 /* ScreenshotHelper.swift in Sources */,
				AA42A6EE21F4F18500F9BC57 /* SelectBackgroundViewController.swift in Sources */,
				AAC81D9221FCB30700F2B576 /* iPhone55CaptionAbove.swift in Sources */,
				AAC81CFD21FC61AE00F2B576 /* SelectDeviceModel.swift in Sources */,
				AAC81CE021FB4C0B00F2B576 /* UILabelEx.swift in Sources */,
				AAD5D30F21F8FD48008C88B1 /* SelectDeviceCell.swift in Sources */,
				AAD5D31A21FA43FC008C88B1 /* UIStoryboardEx.swift in Sources */,
				AABA69CF220747A500211EC3 /* DeviceModel.swift in Sources */,
				AAC81CD221FB055600F2B576 /* Constants.swift in Sources */,
				AA42A6F021F4F19700F9BC57 /* SelectTextViewController.swift in Sources */,
				AA42A6EC21F4F15E00F9BC57 /* SelectDeviceViewController.swift in Sources */,
				AAC81CD621FB31D300F2B576 /* UIViewEx.swift in Sources */,
				AA1BB1BD223C2C3D009FB2DB /* UIColorEx.swift in Sources */,
				AAD5D31621FA427E008C88B1 /* HomeViewController.swift in Sources */,
				AAC81CDA21FB411D00F2B576 /* GeneralButton.swift in Sources */,
				AAC81CD021FB050500F2B576 /* Buttons.swift in Sources */,
				AAC81CD821FB3C7000F2B576 /* RoundedView.swift in Sources */,
				AAC81CF721FC5D6900F2B576 /* AppStoreViewModel.swift in Sources */,
				AAC81D9421FCB30700F2B576 /* secondGeniPad129CaptionAbove.swift in Sources */,
				AA42A6F421F4F1F200F9BC57 /* SelectImageViewController.swift in Sources */,
				AAC81CDC21FB414600F2B576 /* Enums.swift in Sources */,
				AAC81D3F21FCB04A00F2B576 /* thirdGeniPad129Screenshot.swift in Sources */,
				AAD8666C21FCEB310069492A /* SelectDeviceColorViewController.swift in Sources */,
				AAC81D9621FCB30700F2B576 /* iPhone65CaptionAbove.swift in Sources */,
				AA42A6AF21F4EE0000F9BC57 /* SelectTemplateViewController.swift in Sources */,
				AACB880F220DE595004B2960 /* BottomTextView.swift in Sources */,
				AAC81D9F21FCBA1200F2B576 /* SelectTemplateModel.swift in Sources */,
				AAC81D2921FCB01800F2B576 /* thirdGeniPad129FullView.swift in Sources */,
				AAC81CDE21FB41CA00F2B576 /* Fonts.swift in Sources */,
				AAC81D7C21FCB30700F2B576 /* secondGeniPad129CaptionBelow.swift in Sources */,
				AAC81D3C21FCB04A00F2B576 /* secondGeniPad129Screenshot.swift in Sources */,
				AAC81D7921FCB30700F2B576 /* thirdGeniPad129CaptionBelow.swift in Sources */,
				AAC81D7E21FCB30700F2B576 /* iPhone65CaptionBelow.swift in Sources */,
				AACB880B220DE55E004B2960 /* TopTextView.swift in Sources */,
				AA42A6AD21F4EE0000F9BC57 /* AppDelegate.swift in Sources */,
				AAC81D4021FCB04A00F2B576 /* iPhone55Screenshot.swift in Sources */,
				AA42A6B521F4EE0000F9BC57 /* Framer.xcdatamodeld in Sources */,
				AAC81D9A21FCB8ED00F2B576 /* SelectTemplateCell.swift in Sources */,
				AAD5D31221F9002F008C88B1 /* SelectDeviceHelper.swift in Sources */,
				AAC81D9121FCB30700F2B576 /* thirdGeniPad129CaptionAbove.swift in Sources */,
				AAC81D2A21FCB01800F2B576 /* iPhone55FullView.swift in Sources */,
				AAC81CCC21FB04B400F2B576 /* StringEx.swift in Sources */,
				AAC81D9D21FCB9DE00F2B576 /* SelectTemplateHelper.swift in Sources */,
				AAC81D7A21FCB30700F2B576 /* iPhone55CaptionBelow.swift in Sources */,
				AAC81CC421FB017A00F2B576 /* Colors.swift in Sources */,
				AAC81CCA21FB049200F2B576 /* UIViewControllerEx.swift in Sources */,
				AACB8807220DE0AE004B2960 /* AppStoreView.swift in Sources */,
				AA1BB1BB223C2AEE009FB2DB /* FloatEx.swift in Sources */,
				AAC81D2E21FCB01800F2B576 /* iPhone65FullView.swift in Sources */,
				AAC81D4221FCB04A00F2B576 /* iPhone65Screenshot.swift in Sources */,
			);
			runOnlyForDeploymentPostprocessing = 0;
		};
		AA42A6BC21F4EE0200F9BC57 /* Sources */ = {
			isa = PBXSourcesBuildPhase;
			buildActionMask = 2147483647;
			files = (
				AA42A6C521F4EE0200F9BC57 /* FramerTests.swift in Sources */,
			);
			runOnlyForDeploymentPostprocessing = 0;
		};
		AA42A6C721F4EE0200F9BC57 /* Sources */ = {
			isa = PBXSourcesBuildPhase;
			buildActionMask = 2147483647;
			files = (
				AA42A6D021F4EE0200F9BC57 /* FramerUITests.swift in Sources */,
			);
			runOnlyForDeploymentPostprocessing = 0;
		};
/* End PBXSourcesBuildPhase section */

/* Begin PBXTargetDependency section */
		AA42A6C221F4EE0200F9BC57 /* PBXTargetDependency */ = {
			isa = PBXTargetDependency;
			target = AA42A6A821F4EE0000F9BC57 /* Framer */;
			targetProxy = AA42A6C121F4EE0200F9BC57 /* PBXContainerItemProxy */;
		};
		AA42A6CD21F4EE0200F9BC57 /* PBXTargetDependency */ = {
			isa = PBXTargetDependency;
			target = AA42A6A821F4EE0000F9BC57 /* Framer */;
			targetProxy = AA42A6CC21F4EE0200F9BC57 /* PBXContainerItemProxy */;
		};
/* End PBXTargetDependency section */

/* Begin PBXVariantGroup section */
		AA42A6B021F4EE0000F9BC57 /* Main.storyboard */ = {
			isa = PBXVariantGroup;
			children = (
				AA42A6B121F4EE0000F9BC57 /* Base */,
			);
			name = Main.storyboard;
			sourceTree = "<group>";
		};
		AA42A6B821F4EE0200F9BC57 /* LaunchScreen.storyboard */ = {
			isa = PBXVariantGroup;
			children = (
				AA42A6B921F4EE0200F9BC57 /* Base */,
			);
			name = LaunchScreen.storyboard;
			sourceTree = "<group>";
		};
/* End PBXVariantGroup section */

/* Begin XCBuildConfiguration section */
		AA42A6D221F4EE0200F9BC57 /* Debug */ = {
			isa = XCBuildConfiguration;
			buildSettings = {
				ALWAYS_SEARCH_USER_PATHS = NO;
				CLANG_ANALYZER_NONNULL = YES;
				CLANG_ANALYZER_NUMBER_OBJECT_CONVERSION = YES_AGGRESSIVE;
				CLANG_CXX_LANGUAGE_STANDARD = "gnu++14";
				CLANG_CXX_LIBRARY = "libc++";
				CLANG_ENABLE_MODULES = YES;
				CLANG_ENABLE_OBJC_ARC = YES;
				CLANG_ENABLE_OBJC_WEAK = YES;
				CLANG_WARN_BLOCK_CAPTURE_AUTORELEASING = YES;
				CLANG_WARN_BOOL_CONVERSION = YES;
				CLANG_WARN_COMMA = YES;
				CLANG_WARN_CONSTANT_CONVERSION = YES;
				CLANG_WARN_DEPRECATED_OBJC_IMPLEMENTATIONS = YES;
				CLANG_WARN_DIRECT_OBJC_ISA_USAGE = YES_ERROR;
				CLANG_WARN_DOCUMENTATION_COMMENTS = YES;
				CLANG_WARN_EMPTY_BODY = YES;
				CLANG_WARN_ENUM_CONVERSION = YES;
				CLANG_WARN_INFINITE_RECURSION = YES;
				CLANG_WARN_INT_CONVERSION = YES;
				CLANG_WARN_NON_LITERAL_NULL_CONVERSION = YES;
				CLANG_WARN_OBJC_IMPLICIT_RETAIN_SELF = YES;
				CLANG_WARN_OBJC_LITERAL_CONVERSION = YES;
				CLANG_WARN_OBJC_ROOT_CLASS = YES_ERROR;
				CLANG_WARN_RANGE_LOOP_ANALYSIS = YES;
				CLANG_WARN_STRICT_PROTOTYPES = YES;
				CLANG_WARN_SUSPICIOUS_MOVE = YES;
				CLANG_WARN_UNGUARDED_AVAILABILITY = YES_AGGRESSIVE;
				CLANG_WARN_UNREACHABLE_CODE = YES;
				CLANG_WARN__DUPLICATE_METHOD_MATCH = YES;
				CODE_SIGN_IDENTITY = "iPhone Developer";
				COPY_PHASE_STRIP = NO;
				DEBUG_INFORMATION_FORMAT = dwarf;
				ENABLE_STRICT_OBJC_MSGSEND = YES;
				ENABLE_TESTABILITY = YES;
				GCC_C_LANGUAGE_STANDARD = gnu11;
				GCC_DYNAMIC_NO_PIC = NO;
				GCC_NO_COMMON_BLOCKS = YES;
				GCC_OPTIMIZATION_LEVEL = 0;
				GCC_PREPROCESSOR_DEFINITIONS = (
					"DEBUG=1",
					"$(inherited)",
				);
				GCC_WARN_64_TO_32_BIT_CONVERSION = YES;
				GCC_WARN_ABOUT_RETURN_TYPE = YES_ERROR;
				GCC_WARN_UNDECLARED_SELECTOR = YES;
				GCC_WARN_UNINITIALIZED_AUTOS = YES_AGGRESSIVE;
				GCC_WARN_UNUSED_FUNCTION = YES;
				GCC_WARN_UNUSED_VARIABLE = YES;
				IPHONEOS_DEPLOYMENT_TARGET = 12.1;
				MTL_ENABLE_DEBUG_INFO = INCLUDE_SOURCE;
				MTL_FAST_MATH = YES;
				ONLY_ACTIVE_ARCH = YES;
				SDKROOT = iphoneos;
				SWIFT_ACTIVE_COMPILATION_CONDITIONS = DEBUG;
				SWIFT_OPTIMIZATION_LEVEL = "-Onone";
			};
			name = Debug;
		};
		AA42A6D321F4EE0200F9BC57 /* Release */ = {
			isa = XCBuildConfiguration;
			buildSettings = {
				ALWAYS_SEARCH_USER_PATHS = NO;
				CLANG_ANALYZER_NONNULL = YES;
				CLANG_ANALYZER_NUMBER_OBJECT_CONVERSION = YES_AGGRESSIVE;
				CLANG_CXX_LANGUAGE_STANDARD = "gnu++14";
				CLANG_CXX_LIBRARY = "libc++";
				CLANG_ENABLE_MODULES = YES;
				CLANG_ENABLE_OBJC_ARC = YES;
				CLANG_ENABLE_OBJC_WEAK = YES;
				CLANG_WARN_BLOCK_CAPTURE_AUTORELEASING = YES;
				CLANG_WARN_BOOL_CONVERSION = YES;
				CLANG_WARN_COMMA = YES;
				CLANG_WARN_CONSTANT_CONVERSION = YES;
				CLANG_WARN_DEPRECATED_OBJC_IMPLEMENTATIONS = YES;
				CLANG_WARN_DIRECT_OBJC_ISA_USAGE = YES_ERROR;
				CLANG_WARN_DOCUMENTATION_COMMENTS = YES;
				CLANG_WARN_EMPTY_BODY = YES;
				CLANG_WARN_ENUM_CONVERSION = YES;
				CLANG_WARN_INFINITE_RECURSION = YES;
				CLANG_WARN_INT_CONVERSION = YES;
				CLANG_WARN_NON_LITERAL_NULL_CONVERSION = YES;
				CLANG_WARN_OBJC_IMPLICIT_RETAIN_SELF = YES;
				CLANG_WARN_OBJC_LITERAL_CONVERSION = YES;
				CLANG_WARN_OBJC_ROOT_CLASS = YES_ERROR;
				CLANG_WARN_RANGE_LOOP_ANALYSIS = YES;
				CLANG_WARN_STRICT_PROTOTYPES = YES;
				CLANG_WARN_SUSPICIOUS_MOVE = YES;
				CLANG_WARN_UNGUARDED_AVAILABILITY = YES_AGGRESSIVE;
				CLANG_WARN_UNREACHABLE_CODE = YES;
				CLANG_WARN__DUPLICATE_METHOD_MATCH = YES;
				CODE_SIGN_IDENTITY = "iPhone Developer";
				COPY_PHASE_STRIP = NO;
				DEBUG_INFORMATION_FORMAT = "dwarf-with-dsym";
				ENABLE_NS_ASSERTIONS = NO;
				ENABLE_STRICT_OBJC_MSGSEND = YES;
				GCC_C_LANGUAGE_STANDARD = gnu11;
				GCC_NO_COMMON_BLOCKS = YES;
				GCC_WARN_64_TO_32_BIT_CONVERSION = YES;
				GCC_WARN_ABOUT_RETURN_TYPE = YES_ERROR;
				GCC_WARN_UNDECLARED_SELECTOR = YES;
				GCC_WARN_UNINITIALIZED_AUTOS = YES_AGGRESSIVE;
				GCC_WARN_UNUSED_FUNCTION = YES;
				GCC_WARN_UNUSED_VARIABLE = YES;
				IPHONEOS_DEPLOYMENT_TARGET = 12.1;
				MTL_ENABLE_DEBUG_INFO = NO;
				MTL_FAST_MATH = YES;
				SDKROOT = iphoneos;
				SWIFT_COMPILATION_MODE = wholemodule;
				SWIFT_OPTIMIZATION_LEVEL = "-O";
				VALIDATE_PRODUCT = YES;
			};
			name = Release;
		};
		AA42A6D521F4EE0200F9BC57 /* Debug */ = {
			isa = XCBuildConfiguration;
			buildSettings = {
				ASSETCATALOG_COMPILER_APPICON_NAME = AppIcon;
				CODE_SIGN_STYLE = Automatic;
				DEVELOPMENT_TEAM = 6M7C6U48HK;
				INFOPLIST_FILE = "$(SRCROOT)/Framer/Resources/Info.plist";
				LD_RUNPATH_SEARCH_PATHS = (
					"$(inherited)",
					"@executable_path/Frameworks",
				);
				PRODUCT_BUNDLE_IDENTIFIER = io.didevanberkel.framer;
				PRODUCT_NAME = "$(TARGET_NAME)";
				SWIFT_VERSION = 4.2;
				TARGETED_DEVICE_FAMILY = "1,2";
			};
			name = Debug;
		};
		AA42A6D621F4EE0200F9BC57 /* Release */ = {
			isa = XCBuildConfiguration;
			buildSettings = {
				ASSETCATALOG_COMPILER_APPICON_NAME = AppIcon;
				CODE_SIGN_STYLE = Automatic;
				DEVELOPMENT_TEAM = 6M7C6U48HK;
				INFOPLIST_FILE = "$(SRCROOT)/Framer/Resources/Info.plist";
				LD_RUNPATH_SEARCH_PATHS = (
					"$(inherited)",
					"@executable_path/Frameworks",
				);
				PRODUCT_BUNDLE_IDENTIFIER = io.didevanberkel.framer;
				PRODUCT_NAME = "$(TARGET_NAME)";
				SWIFT_VERSION = 4.2;
				TARGETED_DEVICE_FAMILY = "1,2";
			};
			name = Release;
		};
		AA42A6D821F4EE0200F9BC57 /* Debug */ = {
			isa = XCBuildConfiguration;
			buildSettings = {
				ALWAYS_EMBED_SWIFT_STANDARD_LIBRARIES = YES;
				BUNDLE_LOADER = "$(TEST_HOST)";
				CODE_SIGN_STYLE = Automatic;
				DEVELOPMENT_TEAM = 6M7C6U48HK;
				INFOPLIST_FILE = FramerTests/Info.plist;
				LD_RUNPATH_SEARCH_PATHS = (
					"$(inherited)",
					"@executable_path/Frameworks",
					"@loader_path/Frameworks",
				);
				PRODUCT_BUNDLE_IDENTIFIER = io.didevanberkel.FramerTests;
				PRODUCT_NAME = "$(TARGET_NAME)";
				SWIFT_VERSION = 4.2;
				TARGETED_DEVICE_FAMILY = "1,2";
				TEST_HOST = "$(BUILT_PRODUCTS_DIR)/Framer.app/Framer";
			};
			name = Debug;
		};
		AA42A6D921F4EE0200F9BC57 /* Release */ = {
			isa = XCBuildConfiguration;
			buildSettings = {
				ALWAYS_EMBED_SWIFT_STANDARD_LIBRARIES = YES;
				BUNDLE_LOADER = "$(TEST_HOST)";
				CODE_SIGN_STYLE = Automatic;
				DEVELOPMENT_TEAM = 6M7C6U48HK;
				INFOPLIST_FILE = FramerTests/Info.plist;
				LD_RUNPATH_SEARCH_PATHS = (
					"$(inherited)",
					"@executable_path/Frameworks",
					"@loader_path/Frameworks",
				);
				PRODUCT_BUNDLE_IDENTIFIER = io.didevanberkel.FramerTests;
				PRODUCT_NAME = "$(TARGET_NAME)";
				SWIFT_VERSION = 4.2;
				TARGETED_DEVICE_FAMILY = "1,2";
				TEST_HOST = "$(BUILT_PRODUCTS_DIR)/Framer.app/Framer";
			};
			name = Release;
		};
		AA42A6DB21F4EE0200F9BC57 /* Debug */ = {
			isa = XCBuildConfiguration;
			buildSettings = {
				ALWAYS_EMBED_SWIFT_STANDARD_LIBRARIES = YES;
				CODE_SIGN_STYLE = Automatic;
				DEVELOPMENT_TEAM = 6M7C6U48HK;
				INFOPLIST_FILE = FramerUITests/Info.plist;
				LD_RUNPATH_SEARCH_PATHS = (
					"$(inherited)",
					"@executable_path/Frameworks",
					"@loader_path/Frameworks",
				);
				PRODUCT_BUNDLE_IDENTIFIER = io.didevanberkel.FramerUITests;
				PRODUCT_NAME = "$(TARGET_NAME)";
				SWIFT_VERSION = 4.2;
				TARGETED_DEVICE_FAMILY = "1,2";
				TEST_TARGET_NAME = Framer;
			};
			name = Debug;
		};
		AA42A6DC21F4EE0200F9BC57 /* Release */ = {
			isa = XCBuildConfiguration;
			buildSettings = {
				ALWAYS_EMBED_SWIFT_STANDARD_LIBRARIES = YES;
				CODE_SIGN_STYLE = Automatic;
				DEVELOPMENT_TEAM = 6M7C6U48HK;
				INFOPLIST_FILE = FramerUITests/Info.plist;
				LD_RUNPATH_SEARCH_PATHS = (
					"$(inherited)",
					"@executable_path/Frameworks",
					"@loader_path/Frameworks",
				);
				PRODUCT_BUNDLE_IDENTIFIER = io.didevanberkel.FramerUITests;
				PRODUCT_NAME = "$(TARGET_NAME)";
				SWIFT_VERSION = 4.2;
				TARGETED_DEVICE_FAMILY = "1,2";
				TEST_TARGET_NAME = Framer;
			};
			name = Release;
		};
/* End XCBuildConfiguration section */

/* Begin XCConfigurationList section */
		AA42A6A421F4EE0000F9BC57 /* Build configuration list for PBXProject "Framer" */ = {
			isa = XCConfigurationList;
			buildConfigurations = (
				AA42A6D221F4EE0200F9BC57 /* Debug */,
				AA42A6D321F4EE0200F9BC57 /* Release */,
			);
			defaultConfigurationIsVisible = 0;
			defaultConfigurationName = Release;
		};
		AA42A6D421F4EE0200F9BC57 /* Build configuration list for PBXNativeTarget "Framer" */ = {
			isa = XCConfigurationList;
			buildConfigurations = (
				AA42A6D521F4EE0200F9BC57 /* Debug */,
				AA42A6D621F4EE0200F9BC57 /* Release */,
			);
			defaultConfigurationIsVisible = 0;
			defaultConfigurationName = Release;
		};
		AA42A6D721F4EE0200F9BC57 /* Build configuration list for PBXNativeTarget "FramerTests" */ = {
			isa = XCConfigurationList;
			buildConfigurations = (
				AA42A6D821F4EE0200F9BC57 /* Debug */,
				AA42A6D921F4EE0200F9BC57 /* Release */,
			);
			defaultConfigurationIsVisible = 0;
			defaultConfigurationName = Release;
		};
		AA42A6DA21F4EE0200F9BC57 /* Build configuration list for PBXNativeTarget "FramerUITests" */ = {
			isa = XCConfigurationList;
			buildConfigurations = (
				AA42A6DB21F4EE0200F9BC57 /* Debug */,
				AA42A6DC21F4EE0200F9BC57 /* Release */,
			);
			defaultConfigurationIsVisible = 0;
			defaultConfigurationName = Release;
		};
/* End XCConfigurationList section */

/* Begin XCVersionGroup section */
		AA42A6B321F4EE0000F9BC57 /* Framer.xcdatamodeld */ = {
			isa = XCVersionGroup;
			children = (
				AA42A6B421F4EE0000F9BC57 /* Framer.xcdatamodel */,
			);
			currentVersion = AA42A6B421F4EE0000F9BC57 /* Framer.xcdatamodel */;
			path = Framer.xcdatamodeld;
			sourceTree = "<group>";
			versionGroupType = wrapper.xcdatamodel;
		};
/* End XCVersionGroup section */
	};
	rootObject = AA42A6A121F4EE0000F9BC57 /* Project object */;
}
