// !$*UTF8*$!
{
	archiveVersion = 1;
	classes = {
	};
	objectVersion = 50;
	objects = {

/* Begin PBXBuildFile section */
		AA42A6AD21F4EE0000F9BC57 /* AppDelegate.swift in Sources */ = {isa = PBXBuildFile; fileRef = AA42A6AC21F4EE0000F9BC57 /* AppDelegate.swift */; };
		AA42A6AF21F4EE0000F9BC57 /* ViewController.swift in Sources */ = {isa = PBXBuildFile; fileRef = AA42A6AE21F4EE0000F9BC57 /* ViewController.swift */; };
		AA42A6B221F4EE0000F9BC57 /* Main.storyboard in Resources */ = {isa = PBXBuildFile; fileRef = AA42A6B021F4EE0000F9BC57 /* Main.storyboard */; };
		AA42A6B521F4EE0000F9BC57 /* Framer.xcdatamodeld in Sources */ = {isa = PBXBuildFile; fileRef = AA42A6B321F4EE0000F9BC57 /* Framer.xcdatamodeld */; };
		AA42A6B721F4EE0200F9BC57 /* Assets.xcassets in Resources */ = {isa = PBXBuildFile; fileRef = AA42A6B621F4EE0200F9BC57 /* Assets.xcassets */; };
		AA42A6BA21F4EE0200F9BC57 /* LaunchScreen.storyboard in Resources */ = {isa = PBXBuildFile; fileRef = AA42A6B821F4EE0200F9BC57 /* LaunchScreen.storyboard */; };
		AA42A6C521F4EE0200F9BC57 /* FramerTests.swift in Sources */ = {isa = PBXBuildFile; fileRef = AA42A6C421F4EE0200F9BC57 /* FramerTests.swift */; };
		AA42A6D021F4EE0200F9BC57 /* FramerUITests.swift in Sources */ = {isa = PBXBuildFile; fileRef = AA42A6CF21F4EE0200F9BC57 /* FramerUITests.swift */; };
/* End PBXBuildFile section */

/* Begin PBXContainerItemProxy section */
		AA42A6C121F4EE0200F9BC57 /* PBXContainerItemProxy */ = {
			isa = PBXContainerItemProxy;
			containerPortal = AA42A6A121F4EE0000F9BC57 /* Project object */;
			proxyType = 1;
			remoteGlobalIDString = AA42A6A821F4EE0000F9BC57;
			remoteInfo = Framer;
		};
		AA42A6CC21F4EE0200F9BC57 /* PBXContainerItemProxy */ = {
			isa = PBXContainerItemProxy;
			containerPortal = AA42A6A121F4EE0000F9BC57 /* Project object */;
			proxyType = 1;
			remoteGlobalIDString = AA42A6A821F4EE0000F9BC57;
			remoteInfo = Framer;
		};
/* End PBXContainerItemProxy section */

/* Begin PBXFileReference section */
		AA42A6A921F4EE0000F9BC57 /* Framer.app */ = {isa = PBXFileReference; explicitFileType = wrapper.application; includeInIndex = 0; path = Framer.app; sourceTree = BUILT_PRODUCTS_DIR; };
		AA42A6AC21F4EE0000F9BC57 /* AppDelegate.swift */ = {isa = PBXFileReference; lastKnownFileType = sourcecode.swift; path = AppDelegate.swift; sourceTree = "<group>"; };
		AA42A6AE21F4EE0000F9BC57 /* ViewController.swift */ = {isa = PBXFileReference; lastKnownFileType = sourcecode.swift; path = ViewController.swift; sourceTree = "<group>"; };
		AA42A6B121F4EE0000F9BC57 /* Base */ = {isa = PBXFileReference; lastKnownFileType = file.storyboard; name = Base; path = Base.lproj/Main.storyboard; sourceTree = "<group>"; };
		AA42A6B421F4EE0000F9BC57 /* Framer.xcdatamodel */ = {isa = PBXFileReference; lastKnownFileType = wrapper.xcdatamodel; path = Framer.xcdatamodel; sourceTree = "<group>"; };
		AA42A6B621F4EE0200F9BC57 /* Assets.xcassets */ = {isa = PBXFileReference; lastKnownFileType = folder.assetcatalog; path = Assets.xcassets; sourceTree = "<group>"; };
		AA42A6B921F4EE0200F9BC57 /* Base */ = {isa = PBXFileReference; lastKnownFileType = file.storyboard; name = Base; path = Base.lproj/LaunchScreen.storyboard; sourceTree = "<group>"; };
		AA42A6BB21F4EE0200F9BC57 /* Info.plist */ = {isa = PBXFileReference; lastKnownFileType = text.plist.xml; path = Info.plist; sourceTree = "<group>"; };
		AA42A6C021F4EE0200F9BC57 /* FramerTests.xctest */ = {isa = PBXFileReference; explicitFileType = wrapper.cfbundle; includeInIndex = 0; path = FramerTests.xctest; sourceTree = BUILT_PRODUCTS_DIR; };
		AA42A6C421F4EE0200F9BC57 /* FramerTests.swift */ = {isa = PBXFileReference; lastKnownFileType = sourcecode.swift; path = FramerTests.swift; sourceTree = "<group>"; };
		AA42A6C621F4EE0200F9BC57 /* Info.plist */ = {isa = PBXFileReference; lastKnownFileType = text.plist.xml; path = Info.plist; sourceTree = "<group>"; };
		AA42A6CB21F4EE0200F9BC57 /* FramerUITests.xctest */ = {isa = PBXFileReference; explicitFileType = wrapper.cfbundle; includeInIndex = 0; path = FramerUITests.xctest; sourceTree = BUILT_PRODUCTS_DIR; };
		AA42A6CF21F4EE0200F9BC57 /* FramerUITests.swift */ = {isa = PBXFileReference; lastKnownFileType = sourcecode.swift; path = FramerUITests.swift; sourceTree = "<group>"; };
		AA42A6D121F4EE0200F9BC57 /* Info.plist */ = {isa = PBXFileReference; lastKnownFileType = text.plist.xml; path = Info.plist; sourceTree = "<group>"; };
/* End PBXFileReference section */

/* Begin PBXFrameworksBuildPhase section */
		AA42A6A621F4EE0000F9BC57 /* Frameworks */ = {
			isa = PBXFrameworksBuildPhase;
			buildActionMask = 2147483647;
			files = (
			);
			runOnlyForDeploymentPostprocessing = 0;
		};
		AA42A6BD21F4EE0200F9BC57 /* Frameworks */ = {
			isa = PBXFrameworksBuildPhase;
			buildActionMask = 2147483647;
			files = (
			);
			runOnlyForDeploymentPostprocessing = 0;
		};
		AA42A6C821F4EE0200F9BC57 /* Frameworks */ = {
			isa = PBXFrameworksBuildPhase;
			buildActionMask = 2147483647;
			files = (
			);
			runOnlyForDeploymentPostprocessing = 0;
		};
/* End PBXFrameworksBuildPhase section */

/* Begin PBXGroup section */
		AA42A6A021F4EE0000F9BC57 = {
			isa = PBXGroup;
			children = (
				AA42A6AB21F4EE0000F9BC57 /* Framer */,
				AA42A6C321F4EE0200F9BC57 /* FramerTests */,
				AA42A6CE21F4EE0200F9BC57 /* FramerUITests */,
				AA42A6AA21F4EE0000F9BC57 /* Products */,
			);
			sourceTree = "<group>";
		};
		AA42A6AA21F4EE0000F9BC57 /* Products */ = {
			isa = PBXGroup;
			children = (
				AA42A6A921F4EE0000F9BC57 /* Framer.app */,
				AA42A6C021F4EE0200F9BC57 /* FramerTests.xctest */,
				AA42A6CB21F4EE0200F9BC57 /* FramerUITests.xctest */,
			);
			name = Products;
			sourceTree = "<group>";
		};
		AA42A6AB21F4EE0000F9BC57 /* Framer */ = {
			isa = PBXGroup;
			children = (
				AA42A6AC21F4EE0000F9BC57 /* AppDelegate.swift */,
				AA42A6AE21F4EE0000F9BC57 /* ViewController.swift */,
				AA42A6B021F4EE0000F9BC57 /* Main.storyboard */,
				AA42A6B621F4EE0200F9BC57 /* Assets.xcassets */,
				AA42A6B821F4EE0200F9BC57 /* LaunchScreen.storyboard */,
				AA42A6BB21F4EE0200F9BC57 /* Info.plist */,
				AA42A6B321F4EE0000F9BC57 /* Framer.xcdatamodeld */,
			);
			path = Framer;
			sourceTree = "<group>";
		};
		AA42A6C321F4EE0200F9BC57 /* FramerTests */ = {
			isa = PBXGroup;
			children = (
				AA42A6C421F4EE0200F9BC57 /* FramerTests.swift */,
				AA42A6C621F4EE0200F9BC57 /* Info.plist */,
			);
			path = FramerTests;
			sourceTree = "<group>";
		};
		AA42A6CE21F4EE0200F9BC57 /* FramerUITests */ = {
			isa = PBXGroup;
			children = (
				AA42A6CF21F4EE0200F9BC57 /* FramerUITests.swift */,
				AA42A6D121F4EE0200F9BC57 /* Info.plist */,
			);
			path = FramerUITests;
			sourceTree = "<group>";
		};
/* End PBXGroup section */

/* Begin PBXNativeTarget section */
		AA42A6A821F4EE0000F9BC57 /* Framer */ = {
			isa = PBXNativeTarget;
			buildConfigurationList = AA42A6D421F4EE0200F9BC57 /* Build configuration list for PBXNativeTarget "Framer" */;
			buildPhases = (
				AA42A6A521F4EE0000F9BC57 /* Sources */,
				AA42A6A621F4EE0000F9BC57 /* Frameworks */,
				AA42A6A721F4EE0000F9BC57 /* Resources */,
			);
			buildRules = (
			);
			dependencies = (
			);
			name = Framer;
			productName = Framer;
			productReference = AA42A6A921F4EE0000F9BC57 /* Framer.app */;
			productType = "com.apple.product-type.application";
		};
		AA42A6BF21F4EE0200F9BC57 /* FramerTests */ = {
			isa = PBXNativeTarget;
			buildConfigurationList = AA42A6D721F4EE0200F9BC57 /* Build configuration list for PBXNativeTarget "FramerTests" */;
			buildPhases = (
				AA42A6BC21F4EE0200F9BC57 /* Sources */,
				AA42A6BD21F4EE0200F9BC57 /* Frameworks */,
				AA42A6BE21F4EE0200F9BC57 /* Resources */,
			);
			buildRules = (
			);
			dependencies = (
				AA42A6C221F4EE0200F9BC57 /* PBXTargetDependency */,
			);
			name = FramerTests;
			productName = FramerTests;
			productReference = AA42A6C021F4EE0200F9BC57 /* FramerTests.xctest */;
			productType = "com.apple.product-type.bundle.unit-test";
		};
		AA42A6CA21F4EE0200F9BC57 /* FramerUITests */ = {
			isa = PBXNativeTarget;
			buildConfigurationList = AA42A6DA21F4EE0200F9BC57 /* Build configuration list for PBXNativeTarget "FramerUITests" */;
			buildPhases = (
				AA42A6C721F4EE0200F9BC57 /* Sources */,
				AA42A6C821F4EE0200F9BC57 /* Frameworks */,
				AA42A6C921F4EE0200F9BC57 /* Resources */,
			);
			buildRules = (
			);
			dependencies = (
				AA42A6CD21F4EE0200F9BC57 /* PBXTargetDependency */,
			);
			name = FramerUITests;
			productName = FramerUITests;
			productReference = AA42A6CB21F4EE0200F9BC57 /* FramerUITests.xctest */;
			productType = "com.apple.product-type.bundle.ui-testing";
		};
/* End PBXNativeTarget section */

/* Begin PBXProject section */
		AA42A6A121F4EE0000F9BC57 /* Project object */ = {
			isa = PBXProject;
			attributes = {
				LastSwiftUpdateCheck = 1010;
				LastUpgradeCheck = 1010;
				ORGANIZATIONNAME = "Dide van Berkel";
				TargetAttributes = {
					AA42A6A821F4EE0000F9BC57 = {
						CreatedOnToolsVersion = 10.1;
					};
					AA42A6BF21F4EE0200F9BC57 = {
						CreatedOnToolsVersion = 10.1;
						TestTargetID = AA42A6A821F4EE0000F9BC57;
					};
					AA42A6CA21F4EE0200F9BC57 = {
						CreatedOnToolsVersion = 10.1;
						TestTargetID = AA42A6A821F4EE0000F9BC57;
					};
				};
			};
			buildConfigurationList = AA42A6A421F4EE0000F9BC57 /* Build configuration list for PBXProject "Framer" */;
			compatibilityVersion = "Xcode 9.3";
			developmentRegion = en;
			hasScannedForEncodings = 0;
			knownRegions = (
				en,
				Base,
			);
			mainGroup = AA42A6A021F4EE0000F9BC57;
			productRefGroup = AA42A6AA21F4EE0000F9BC57 /* Products */;
			projectDirPath = "";
			projectRoot = "";
			targets = (
				AA42A6A821F4EE0000F9BC57 /* Framer */,
				AA42A6BF21F4EE0200F9BC57 /* FramerTests */,
				AA42A6CA21F4EE0200F9BC57 /* FramerUITests */,
			);
		};
/* End PBXProject section */

/* Begin PBXResourcesBuildPhase section */
		AA42A6A721F4EE0000F9BC57 /* Resources */ = {
			isa = PBXResourcesBuildPhase;
			buildActionMask = 2147483647;
			files = (
				AA42A6BA21F4EE0200F9BC57 /* LaunchScreen.storyboard in Resources */,
				AA42A6B721F4EE0200F9BC57 /* Assets.xcassets in Resources */,
				AA42A6B221F4EE0000F9BC57 /* Main.storyboard in Resources */,
			);
			runOnlyForDeploymentPostprocessing = 0;
		};
		AA42A6BE21F4EE0200F9BC57 /* Resources */ = {
			isa = PBXResourcesBuildPhase;
			buildActionMask = 2147483647;
			files = (
			);
			runOnlyForDeploymentPostprocessing = 0;
		};
		AA42A6C921F4EE0200F9BC57 /* Resources */ = {
			isa = PBXResourcesBuildPhase;
			buildActionMask = 2147483647;
			files = (
			);
			runOnlyForDeploymentPostprocessing = 0;
		};
/* End PBXResourcesBuildPhase section */

/* Begin PBXSourcesBuildPhase section */
		AA42A6A521F4EE0000F9BC57 /* Sources */ = {
			isa = PBXSourcesBuildPhase;
			buildActionMask = 2147483647;
			files = (
				AA42A6AF21F4EE0000F9BC57 /* ViewController.swift in Sources */,
				AA42A6AD21F4EE0000F9BC57 /* AppDelegate.swift in Sources */,
				AA42A6B521F4EE0000F9BC57 /* Framer.xcdatamodeld in Sources */,
			);
			runOnlyForDeploymentPostprocessing = 0;
		};
		AA42A6BC21F4EE0200F9BC57 /* Sources */ = {
			isa = PBXSourcesBuildPhase;
			buildActionMask = 2147483647;
			files = (
				AA42A6C521F4EE0200F9BC57 /* FramerTests.swift in Sources */,
			);
			runOnlyForDeploymentPostprocessing = 0;
		};
		AA42A6C721F4EE0200F9BC57 /* Sources */ = {
			isa = PBXSourcesBuildPhase;
			buildActionMask = 2147483647;
			files = (
				AA42A6D021F4EE0200F9BC57 /* FramerUITests.swift in Sources */,
			);
			runOnlyForDeploymentPostprocessing = 0;
		};
/* End PBXSourcesBuildPhase section */

/* Begin PBXTargetDependency section */
		AA42A6C221F4EE0200F9BC57 /* PBXTargetDependency */ = {
			isa = PBXTargetDependency;
			target = AA42A6A821F4EE0000F9BC57 /* Framer */;
			targetProxy = AA42A6C121F4EE0200F9BC57 /* PBXContainerItemProxy */;
		};
		AA42A6CD21F4EE0200F9BC57 /* PBXTargetDependency */ = {
			isa = PBXTargetDependency;
			target = AA42A6A821F4EE0000F9BC57 /* Framer */;
			targetProxy = AA42A6CC21F4EE0200F9BC57 /* PBXContainerItemProxy */;
		};
/* End PBXTargetDependency section */

/* Begin PBXVariantGroup section */
		AA42A6B021F4EE0000F9BC57 /* Main.storyboard */ = {
			isa = PBXVariantGroup;
			children = (
				AA42A6B121F4EE0000F9BC57 /* Base */,
			);
			name = Main.storyboard;
			sourceTree = "<group>";
		};
		AA42A6B821F4EE0200F9BC57 /* LaunchScreen.storyboard */ = {
			isa = PBXVariantGroup;
			children = (
				AA42A6B921F4EE0200F9BC57 /* Base */,
			);
			name = LaunchScreen.storyboard;
			sourceTree = "<group>";
		};
/* End PBXVariantGroup section */

/* Begin XCBuildConfiguration section */
		AA42A6D221F4EE0200F9BC57 /* Debug */ = {
			isa = XCBuildConfiguration;
			buildSettings = {
				ALWAYS_SEARCH_USER_PATHS = NO;
				CLANG_ANALYZER_NONNULL = YES;
				CLANG_ANALYZER_NUMBER_OBJECT_CONVERSION = YES_AGGRESSIVE;
				CLANG_CXX_LANGUAGE_STANDARD = "gnu++14";
				CLANG_CXX_LIBRARY = "libc++";
				CLANG_ENABLE_MODULES = YES;
				CLANG_ENABLE_OBJC_ARC = YES;
				CLANG_ENABLE_OBJC_WEAK = YES;
				CLANG_WARN_BLOCK_CAPTURE_AUTORELEASING = YES;
				CLANG_WARN_BOOL_CONVERSION = YES;
				CLANG_WARN_COMMA = YES;
				CLANG_WARN_CONSTANT_CONVERSION = YES;
				CLANG_WARN_DEPRECATED_OBJC_IMPLEMENTATIONS = YES;
				CLANG_WARN_DIRECT_OBJC_ISA_USAGE = YES_ERROR;
				CLANG_WARN_DOCUMENTATION_COMMENTS = YES;
				CLANG_WARN_EMPTY_BODY = YES;
				CLANG_WARN_ENUM_CONVERSION = YES;
				CLANG_WARN_INFINITE_RECURSION = YES;
				CLANG_WARN_INT_CONVERSION = YES;
				CLANG_WARN_NON_LITERAL_NULL_CONVERSION = YES;
				CLANG_WARN_OBJC_IMPLICIT_RETAIN_SELF = YES;
				CLANG_WARN_OBJC_LITERAL_CONVERSION = YES;
				CLANG_WARN_OBJC_ROOT_CLASS = YES_ERROR;
				CLANG_WARN_RANGE_LOOP_ANALYSIS = YES;
				CLANG_WARN_STRICT_PROTOTYPES = YES;
				CLANG_WARN_SUSPICIOUS_MOVE = YES;
				CLANG_WARN_UNGUARDED_AVAILABILITY = YES_AGGRESSIVE;
				CLANG_WARN_UNREACHABLE_CODE = YES;
				CLANG_WARN__DUPLICATE_METHOD_MATCH = YES;
				CODE_SIGN_IDENTITY = "iPhone Developer";
				COPY_PHASE_STRIP = NO;
				DEBUG_INFORMATION_FORMAT = dwarf;
				ENABLE_STRICT_OBJC_MSGSEND = YES;
				ENABLE_TESTABILITY = YES;
				GCC_C_LANGUAGE_STANDARD = gnu11;
				GCC_DYNAMIC_NO_PIC = NO;
				GCC_NO_COMMON_BLOCKS = YES;
				GCC_OPTIMIZATION_LEVEL = 0;
				GCC_PREPROCESSOR_DEFINITIONS = (
					"DEBUG=1",
					"$(inherited)",
				);
				GCC_WARN_64_TO_32_BIT_CONVERSION = YES;
				GCC_WARN_ABOUT_RETURN_TYPE = YES_ERROR;
				GCC_WARN_UNDECLARED_SELECTOR = YES;
				GCC_WARN_UNINITIALIZED_AUTOS = YES_AGGRESSIVE;
				GCC_WARN_UNUSED_FUNCTION = YES;
				GCC_WARN_UNUSED_VARIABLE = YES;
				IPHONEOS_DEPLOYMENT_TARGET = 12.1;
				MTL_ENABLE_DEBUG_INFO = INCLUDE_SOURCE;
				MTL_FAST_MATH = YES;
				ONLY_ACTIVE_ARCH = YES;
				SDKROOT = iphoneos;
				SWIFT_ACTIVE_COMPILATION_CONDITIONS = DEBUG;
				SWIFT_OPTIMIZATION_LEVEL = "-Onone";
			};
			name = Debug;
		};
		AA42A6D321F4EE0200F9BC57 /* Release */ = {
			isa = XCBuildConfiguration;
			buildSettings = {
				ALWAYS_SEARCH_USER_PATHS = NO;
				CLANG_ANALYZER_NONNULL = YES;
				CLANG_ANALYZER_NUMBER_OBJECT_CONVERSION = YES_AGGRESSIVE;
				CLANG_CXX_LANGUAGE_STANDARD = "gnu++14";
				CLANG_CXX_LIBRARY = "libc++";
				CLANG_ENABLE_MODULES = YES;
				CLANG_ENABLE_OBJC_ARC = YES;
				CLANG_ENABLE_OBJC_WEAK = YES;
				CLANG_WARN_BLOCK_CAPTURE_AUTORELEASING = YES;
				CLANG_WARN_BOOL_CONVERSION = YES;
				CLANG_WARN_COMMA = YES;
				CLANG_WARN_CONSTANT_CONVERSION = YES;
				CLANG_WARN_DEPRECATED_OBJC_IMPLEMENTATIONS = YES;
				CLANG_WARN_DIRECT_OBJC_ISA_USAGE = YES_ERROR;
				CLANG_WARN_DOCUMENTATION_COMMENTS = YES;
				CLANG_WARN_EMPTY_BODY = YES;
				CLANG_WARN_ENUM_CONVERSION = YES;
				CLANG_WARN_INFINITE_RECURSION = YES;
				CLANG_WARN_INT_CONVERSION = YES;
				CLANG_WARN_NON_LITERAL_NULL_CONVERSION = YES;
				CLANG_WARN_OBJC_IMPLICIT_RETAIN_SELF = YES;
				CLANG_WARN_OBJC_LITERAL_CONVERSION = YES;
				CLANG_WARN_OBJC_ROOT_CLASS = YES_ERROR;
				CLANG_WARN_RANGE_LOOP_ANALYSIS = YES;
				CLANG_WARN_STRICT_PROTOTYPES = YES;
				CLANG_WARN_SUSPICIOUS_MOVE = YES;
				CLANG_WARN_UNGUARDED_AVAILABILITY = YES_AGGRESSIVE;
				CLANG_WARN_UNREACHABLE_CODE = YES;
				CLANG_WARN__DUPLICATE_METHOD_MATCH = YES;
				CODE_SIGN_IDENTITY = "iPhone Developer";
				COPY_PHASE_STRIP = NO;
				DEBUG_INFORMATION_FORMAT = "dwarf-with-dsym";
				ENABLE_NS_ASSERTIONS = NO;
				ENABLE_STRICT_OBJC_MSGSEND = YES;
				GCC_C_LANGUAGE_STANDARD = gnu11;
				GCC_NO_COMMON_BLOCKS = YES;
				GCC_WARN_64_TO_32_BIT_CONVERSION = YES;
				GCC_WARN_ABOUT_RETURN_TYPE = YES_ERROR;
				GCC_WARN_UNDECLARED_SELECTOR = YES;
				GCC_WARN_UNINITIALIZED_AUTOS = YES_AGGRESSIVE;
				GCC_WARN_UNUSED_FUNCTION = YES;
				GCC_WARN_UNUSED_VARIABLE = YES;
				IPHONEOS_DEPLOYMENT_TARGET = 12.1;
				MTL_ENABLE_DEBUG_INFO = NO;
				MTL_FAST_MATH = YES;
				SDKROOT = iphoneos;
				SWIFT_COMPILATION_MODE = wholemodule;
				SWIFT_OPTIMIZATION_LEVEL = "-O";
				VALIDATE_PRODUCT = YES;
			};
			name = Release;
		};
		AA42A6D521F4EE0200F9BC57 /* Debug */ = {
			isa = XCBuildConfiguration;
			buildSettings = {
				ASSETCATALOG_COMPILER_APPICON_NAME = AppIcon;
				CODE_SIGN_STYLE = Automatic;
				DEVELOPMENT_TEAM = 6M7C6U48HK;
				INFOPLIST_FILE = Framer/Info.plist;
				LD_RUNPATH_SEARCH_PATHS = (
					"$(inherited)",
					"@executable_path/Frameworks",
				);
				PRODUCT_BUNDLE_IDENTIFIER = io.didevanberkel.Framer;
				PRODUCT_NAME = "$(TARGET_NAME)";
				SWIFT_VERSION = 4.2;
				TARGETED_DEVICE_FAMILY = "1,2";
			};
			name = Debug;
		};
		AA42A6D621F4EE0200F9BC57 /* Release */ = {
			isa = XCBuildConfiguration;
			buildSettings = {
				ASSETCATALOG_COMPILER_APPICON_NAME = AppIcon;
				CODE_SIGN_STYLE = Automatic;
				DEVELOPMENT_TEAM = 6M7C6U48HK;
				INFOPLIST_FILE = Framer/Info.plist;
				LD_RUNPATH_SEARCH_PATHS = (
					"$(inherited)",
					"@executable_path/Frameworks",
				);
				PRODUCT_BUNDLE_IDENTIFIER = io.didevanberkel.Framer;
				PRODUCT_NAME = "$(TARGET_NAME)";
				SWIFT_VERSION = 4.2;
				TARGETED_DEVICE_FAMILY = "1,2";
			};
			name = Release;
		};
		AA42A6D821F4EE0200F9BC57 /* Debug */ = {
			isa = XCBuildConfiguration;
			buildSettings = {
				ALWAYS_EMBED_SWIFT_STANDARD_LIBRARIES = YES;
				BUNDLE_LOADER = "$(TEST_HOST)";
				CODE_SIGN_STYLE = Automatic;
				DEVELOPMENT_TEAM = 6M7C6U48HK;
				INFOPLIST_FILE = FramerTests/Info.plist;
				LD_RUNPATH_SEARCH_PATHS = (
					"$(inherited)",
					"@executable_path/Frameworks",
					"@loader_path/Frameworks",
				);
				PRODUCT_BUNDLE_IDENTIFIER = io.didevanberkel.FramerTests;
				PRODUCT_NAME = "$(TARGET_NAME)";
				SWIFT_VERSION = 4.2;
				TARGETED_DEVICE_FAMILY = "1,2";
				TEST_HOST = "$(BUILT_PRODUCTS_DIR)/Framer.app/Framer";
			};
			name = Debug;
		};
		AA42A6D921F4EE0200F9BC57 /* Release */ = {
			isa = XCBuildConfiguration;
			buildSettings = {
				ALWAYS_EMBED_SWIFT_STANDARD_LIBRARIES = YES;
				BUNDLE_LOADER = "$(TEST_HOST)";
				CODE_SIGN_STYLE = Automatic;
				DEVELOPMENT_TEAM = 6M7C6U48HK;
				INFOPLIST_FILE = FramerTests/Info.plist;
				LD_RUNPATH_SEARCH_PATHS = (
					"$(inherited)",
					"@executable_path/Frameworks",
					"@loader_path/Frameworks",
				);
				PRODUCT_BUNDLE_IDENTIFIER = io.didevanberkel.FramerTests;
				PRODUCT_NAME = "$(TARGET_NAME)";
				SWIFT_VERSION = 4.2;
				TARGETED_DEVICE_FAMILY = "1,2";
				TEST_HOST = "$(BUILT_PRODUCTS_DIR)/Framer.app/Framer";
			};
			name = Release;
		};
		AA42A6DB21F4EE0200F9BC57 /* Debug */ = {
			isa = XCBuildConfiguration;
			buildSettings = {
				ALWAYS_EMBED_SWIFT_STANDARD_LIBRARIES = YES;
				CODE_SIGN_STYLE = Automatic;
				DEVELOPMENT_TEAM = 6M7C6U48HK;
				INFOPLIST_FILE = FramerUITests/Info.plist;
				LD_RUNPATH_SEARCH_PATHS = (
					"$(inherited)",
					"@executable_path/Frameworks",
					"@loader_path/Frameworks",
				);
				PRODUCT_BUNDLE_IDENTIFIER = io.didevanberkel.FramerUITests;
				PRODUCT_NAME = "$(TARGET_NAME)";
				SWIFT_VERSION = 4.2;
				TARGETED_DEVICE_FAMILY = "1,2";
				TEST_TARGET_NAME = Framer;
			};
			name = Debug;
		};
		AA42A6DC21F4EE0200F9BC57 /* Release */ = {
			isa = XCBuildConfiguration;
			buildSettings = {
				ALWAYS_EMBED_SWIFT_STANDARD_LIBRARIES = YES;
				CODE_SIGN_STYLE = Automatic;
				DEVELOPMENT_TEAM = 6M7C6U48HK;
				INFOPLIST_FILE = FramerUITests/Info.plist;
				LD_RUNPATH_SEARCH_PATHS = (
					"$(inherited)",
					"@executable_path/Frameworks",
					"@loader_path/Frameworks",
				);
				PRODUCT_BUNDLE_IDENTIFIER = io.didevanberkel.FramerUITests;
				PRODUCT_NAME = "$(TARGET_NAME)";
				SWIFT_VERSION = 4.2;
				TARGETED_DEVICE_FAMILY = "1,2";
				TEST_TARGET_NAME = Framer;
			};
			name = Release;
		};
/* End XCBuildConfiguration section */

/* Begin XCConfigurationList section */
		AA42A6A421F4EE0000F9BC57 /* Build configuration list for PBXProject "Framer" */ = {
			isa = XCConfigurationList;
			buildConfigurations = (
				AA42A6D221F4EE0200F9BC57 /* Debug */,
				AA42A6D321F4EE0200F9BC57 /* Release */,
			);
			defaultConfigurationIsVisible = 0;
			defaultConfigurationName = Release;
		};
		AA42A6D421F4EE0200F9BC57 /* Build configuration list for PBXNativeTarget "Framer" */ = {
			isa = XCConfigurationList;
			buildConfigurations = (
				AA42A6D521F4EE0200F9BC57 /* Debug */,
				AA42A6D621F4EE0200F9BC57 /* Release */,
			);
			defaultConfigurationIsVisible = 0;
			defaultConfigurationName = Release;
		};
		AA42A6D721F4EE0200F9BC57 /* Build configuration list for PBXNativeTarget "FramerTests" */ = {
			isa = XCConfigurationList;
			buildConfigurations = (
				AA42A6D821F4EE0200F9BC57 /* Debug */,
				AA42A6D921F4EE0200F9BC57 /* Release */,
			);
			defaultConfigurationIsVisible = 0;
			defaultConfigurationName = Release;
		};
		AA42A6DA21F4EE0200F9BC57 /* Build configuration list for PBXNativeTarget "FramerUITests" */ = {
			isa = XCConfigurationList;
			buildConfigurations = (
				AA42A6DB21F4EE0200F9BC57 /* Debug */,
				AA42A6DC21F4EE0200F9BC57 /* Release */,
			);
			defaultConfigurationIsVisible = 0;
			defaultConfigurationName = Release;
		};
/* End XCConfigurationList section */

/* Begin XCVersionGroup section */
		AA42A6B321F4EE0000F9BC57 /* Framer.xcdatamodeld */ = {
			isa = XCVersionGroup;
			children = (
				AA42A6B421F4EE0000F9BC57 /* Framer.xcdatamodel */,
			);
			currentVersion = AA42A6B421F4EE0000F9BC57 /* Framer.xcdatamodel */;
			path = Framer.xcdatamodeld;
			sourceTree = "<group>";
			versionGroupType = wrapper.xcdatamodel;
		};
/* End XCVersionGroup section */
	};
	rootObject = AA42A6A121F4EE0000F9BC57 /* Project object */;
}
